// !$*UTF8*$!
{
	archiveVersion = 1;
	classes = {
	};
	objectVersion = 45;
	objects = {

/* Begin PBXBuildFile section */
		540089CD0F30C040002D56A4 /* main.m in Sources */ = {isa = PBXBuildFile; fileRef = 540089A40F30C040002D56A4 /* main.m */; };
		540089CE0F30C040002D56A4 /* NSTreeNode+SVDavenport.m in Sources */ = {isa = PBXBuildFile; fileRef = 540089A50F30C040002D56A4 /* NSTreeNode+SVDavenport.m */; };
		540089CF0F30C040002D56A4 /* SVAbstractDescriptor.m in Sources */ = {isa = PBXBuildFile; fileRef = 540089A80F30C040002D56A4 /* SVAbstractDescriptor.m */; };
		540089D00F30C040002D56A4 /* SVAppDelegate.m in Sources */ = {isa = PBXBuildFile; fileRef = 540089AA0F30C040002D56A4 /* SVAppDelegate.m */; };
		540089D10F30C040002D56A4 /* SVBreadCrumbCell.m in Sources */ = {isa = PBXBuildFile; fileRef = 540089AC0F30C040002D56A4 /* SVBreadCrumbCell.m */; };
		540089D20F30C040002D56A4 /* SVControlBarView.m in Sources */ = {isa = PBXBuildFile; fileRef = 540089AE0F30C040002D56A4 /* SVControlBarView.m */; };
		540089D40F30C040002D56A4 /* SVCouchDocumentController.m in Sources */ = {isa = PBXBuildFile; fileRef = 540089B10F30C040002D56A4 /* SVCouchDocumentController.m */; };
		540089D60F30C040002D56A4 /* SVDatabaseDescriptor.m in Sources */ = {isa = PBXBuildFile; fileRef = 540089B40F30C040002D56A4 /* SVDatabaseDescriptor.m */; };
		540089D70F30C040002D56A4 /* SVDocumentKeyCell.m in Sources */ = {isa = PBXBuildFile; fileRef = 540089B70F30C040002D56A4 /* SVDocumentKeyCell.m */; };
		540089D80F30C040002D56A4 /* SVFetchServerInfoOperation.m in Sources */ = {isa = PBXBuildFile; fileRef = 540089B90F30C040002D56A4 /* SVFetchServerInfoOperation.m */; };
		540089D90F30C040002D56A4 /* SVFunctionEditorController.m in Sources */ = {isa = PBXBuildFile; fileRef = 540089BB0F30C040002D56A4 /* SVFunctionEditorController.m */; };
		540089DC0F30C040002D56A4 /* SVMainWindowController.m in Sources */ = {isa = PBXBuildFile; fileRef = 540089BF0F30C040002D56A4 /* SVMainWindowController.m */; };
		540089DD0F30C040002D56A4 /* SVPathControl.m in Sources */ = {isa = PBXBuildFile; fileRef = 540089C10F30C040002D56A4 /* SVPathControl.m */; };
		540089DE0F30C040002D56A4 /* SVQueryResultController.m in Sources */ = {isa = PBXBuildFile; fileRef = 540089C30F30C040002D56A4 /* SVQueryResultController.m */; };
		540089DF0F30C040002D56A4 /* SVSectionDescriptor.m in Sources */ = {isa = PBXBuildFile; fileRef = 540089C50F30C040002D56A4 /* SVSectionDescriptor.m */; };
		540089E00F30C040002D56A4 /* SVSourceListCell.m in Sources */ = {isa = PBXBuildFile; fileRef = 540089C70F30C040002D56A4 /* SVSourceListCell.m */; };
		540089E10F30C040002D56A4 /* SVSourceListView.m in Sources */ = {isa = PBXBuildFile; fileRef = 540089C90F30C040002D56A4 /* SVSourceListView.m */; };
		540089F30F30C2A3002D56A4 /* GTMNSObject+UnitTesting.m in Sources */ = {isa = PBXBuildFile; fileRef = 5400899F0F30C040002D56A4 /* GTMNSObject+UnitTesting.m */; };
		540089F40F30C2A3002D56A4 /* GTMSenTestCase.m in Sources */ = {isa = PBXBuildFile; fileRef = 540089A10F30C040002D56A4 /* GTMSenTestCase.m */; };
		540089F50F30C2A3002D56A4 /* GTMSystemVersion.m in Sources */ = {isa = PBXBuildFile; fileRef = 540089A30F30C040002D56A4 /* GTMSystemVersion.m */; };
		540089F60F30C2BD002D56A4 /* SVJsonTest.m in Sources */ = {isa = PBXBuildFile; fileRef = 540089BC0F30C040002D56A4 /* SVJsonTest.m */; };
		540089FD0F30C36F002D56A4 /* CouchObjC.framework in Frameworks */ = {isa = PBXBuildFile; fileRef = 54B09E650F192DAC005D3E2F /* CouchObjC.framework */; };
		54008A150F30C458002D56A4 /* JSON.framework in Frameworks */ = {isa = PBXBuildFile; fileRef = 540108BC0F1DA33D002AC9E5 /* JSON.framework */; };
		540108BD0F1DA33D002AC9E5 /* JSON.framework in Frameworks */ = {isa = PBXBuildFile; fileRef = 540108BC0F1DA33D002AC9E5 /* JSON.framework */; };
		540108BF0F1DA343002AC9E5 /* JSON.framework in CopyFiles */ = {isa = PBXBuildFile; fileRef = 540108BC0F1DA33D002AC9E5 /* JSON.framework */; };
		540C88CC0F31D51700E02727 /* Credits.rtf in Resources */ = {isa = PBXBuildFile; fileRef = 2A37F4B9FDCFA73011CA2CEA /* Credits.rtf */; };
		540C88CD0F31D51700E02727 /* MainMenu.xib in Resources */ = {isa = PBXBuildFile; fileRef = 54C53FEC0F06527300C337BC /* MainMenu.xib */; };
		540C88CE0F31D51700E02727 /* MainWindow.xib in Resources */ = {isa = PBXBuildFile; fileRef = 543D2A860F09650D00AAA9A5 /* MainWindow.xib */; };
		540C88CF0F31D51700E02727 /* QueryResultView.xib in Resources */ = {isa = PBXBuildFile; fileRef = 548AACAA0F0AD50C009A49AD /* QueryResultView.xib */; };
		540C88D00F31D51700E02727 /* FunctionEditor.xib in Resources */ = {isa = PBXBuildFile; fileRef = 547B283B0F23821200580370 /* FunctionEditor.xib */; };
		540C88D10F31D51700E02727 /* CouchDocument.xib in Resources */ = {isa = PBXBuildFile; fileRef = 546769BB0F2538A9006F6114 /* CouchDocument.xib */; };
		540C88D20F31D51700E02727 /* arrow-25.jpg in Resources */ = {isa = PBXBuildFile; fileRef = 54B546090F31D006004E675B /* arrow-25.jpg */; };
		540C88D30F31D51700E02727 /* arrow.jpg in Resources */ = {isa = PBXBuildFile; fileRef = 54B5460A0F31D006004E675B /* arrow.jpg */; };
		540C88D40F31D51700E02727 /* divan-2.icns in Resources */ = {isa = PBXBuildFile; fileRef = 54B5460B0F31D006004E675B /* divan-2.icns */; };
		540C88D50F31D51700E02727 /* divan-3.icns in Resources */ = {isa = PBXBuildFile; fileRef = 54B5460C0F31D006004E675B /* divan-3.icns */; };
		540C88D60F31D51700E02727 /* divan-4.icns in Resources */ = {isa = PBXBuildFile; fileRef = 54B5460D0F31D006004E675B /* divan-4.icns */; };
		540C88D70F31D51700E02727 /* divan-5.icns in Resources */ = {isa = PBXBuildFile; fileRef = 54B5460E0F31D006004E675B /* divan-5.icns */; };
		540C88D80F31D51700E02727 /* divan.icns in Resources */ = {isa = PBXBuildFile; fileRef = 54B5460F0F31D006004E675B /* divan.icns */; };
		540C88D90F31D51700E02727 /* documents.tiff in Resources */ = {isa = PBXBuildFile; fileRef = 54B546100F31D006004E675B /* documents.tiff */; };
		540C88DA0F31D51700E02727 /* segment.jpg in Resources */ = {isa = PBXBuildFile; fileRef = 54B546110F31D006004E675B /* segment.jpg */; };
		540C88DC0F31D51700E02727 /* JSON.framework in CopyFiles */ = {isa = PBXBuildFile; fileRef = 540108BC0F1DA33D002AC9E5 /* JSON.framework */; };
		540C88DD0F31D51700E02727 /* RBSplitView.framework in CopyFiles */ = {isa = PBXBuildFile; fileRef = 54F73B4D0F1CDC2100B7B9F4 /* RBSplitView.framework */; };
		540C88DE0F31D51700E02727 /* CouchObjC.framework in CopyFiles */ = {isa = PBXBuildFile; fileRef = 54B09E650F192DAC005D3E2F /* CouchObjC.framework */; };
		540C88DF0F31D51700E02727 /* BWToolkitFramework.framework in CopyFiles */ = {isa = PBXBuildFile; fileRef = 549BC6AF0EFDC106002DFF80 /* BWToolkitFramework.framework */; };
		540C88E10F31D51700E02727 /* main.m in Sources */ = {isa = PBXBuildFile; fileRef = 540089A40F30C040002D56A4 /* main.m */; };
		540C88E20F31D51700E02727 /* NSTreeNode+SVDavenport.m in Sources */ = {isa = PBXBuildFile; fileRef = 540089A50F30C040002D56A4 /* NSTreeNode+SVDavenport.m */; };
		540C88E30F31D51700E02727 /* SVAbstractDescriptor.m in Sources */ = {isa = PBXBuildFile; fileRef = 540089A80F30C040002D56A4 /* SVAbstractDescriptor.m */; };
		540C88E40F31D51700E02727 /* SVAppDelegate.m in Sources */ = {isa = PBXBuildFile; fileRef = 540089AA0F30C040002D56A4 /* SVAppDelegate.m */; };
		540C88E50F31D51700E02727 /* SVBreadCrumbCell.m in Sources */ = {isa = PBXBuildFile; fileRef = 540089AC0F30C040002D56A4 /* SVBreadCrumbCell.m */; };
		540C88E60F31D51700E02727 /* SVControlBarView.m in Sources */ = {isa = PBXBuildFile; fileRef = 540089AE0F30C040002D56A4 /* SVControlBarView.m */; };
		540C88E70F31D51700E02727 /* SVCouchDocumentController.m in Sources */ = {isa = PBXBuildFile; fileRef = 540089B10F30C040002D56A4 /* SVCouchDocumentController.m */; };
		540C88E80F31D51700E02727 /* SVDatabaseDescriptor.m in Sources */ = {isa = PBXBuildFile; fileRef = 540089B40F30C040002D56A4 /* SVDatabaseDescriptor.m */; };
		540C88E90F31D51700E02727 /* SVDocumentKeyCell.m in Sources */ = {isa = PBXBuildFile; fileRef = 540089B70F30C040002D56A4 /* SVDocumentKeyCell.m */; };
		540C88EA0F31D51700E02727 /* SVFetchServerInfoOperation.m in Sources */ = {isa = PBXBuildFile; fileRef = 540089B90F30C040002D56A4 /* SVFetchServerInfoOperation.m */; };
		540C88EB0F31D51700E02727 /* SVFunctionEditorController.m in Sources */ = {isa = PBXBuildFile; fileRef = 540089BB0F30C040002D56A4 /* SVFunctionEditorController.m */; };
		540C88EC0F31D51700E02727 /* SVMainWindowController.m in Sources */ = {isa = PBXBuildFile; fileRef = 540089BF0F30C040002D56A4 /* SVMainWindowController.m */; };
		540C88ED0F31D51700E02727 /* SVPathControl.m in Sources */ = {isa = PBXBuildFile; fileRef = 540089C10F30C040002D56A4 /* SVPathControl.m */; };
		540C88EE0F31D51700E02727 /* SVQueryResultController.m in Sources */ = {isa = PBXBuildFile; fileRef = 540089C30F30C040002D56A4 /* SVQueryResultController.m */; };
		540C88EF0F31D51700E02727 /* SVSectionDescriptor.m in Sources */ = {isa = PBXBuildFile; fileRef = 540089C50F30C040002D56A4 /* SVSectionDescriptor.m */; };
		540C88F00F31D51700E02727 /* SVSourceListCell.m in Sources */ = {isa = PBXBuildFile; fileRef = 540089C70F30C040002D56A4 /* SVSourceListCell.m */; };
		540C88F10F31D51700E02727 /* SVSourceListView.m in Sources */ = {isa = PBXBuildFile; fileRef = 540089C90F30C040002D56A4 /* SVSourceListView.m */; };
		540C88F30F31D51700E02727 /* Cocoa.framework in Frameworks */ = {isa = PBXBuildFile; fileRef = 1058C7A7FEA54F5311CA2CBB /* Cocoa.framework */; };
		540C89200F31D61D00E02727 /* RBSplitView.framework in Frameworks */ = {isa = PBXBuildFile; fileRef = 54F73B4D0F1CDC2100B7B9F4 /* RBSplitView.framework */; };
		540C89210F31D61F00E02727 /* BWToolkitFramework.framework in Frameworks */ = {isa = PBXBuildFile; fileRef = 549BC6AF0EFDC106002DFF80 /* BWToolkitFramework.framework */; };
		540C892E0F31D63300E02727 /* CouchObjC.framework in Frameworks */ = {isa = PBXBuildFile; fileRef = 54B09E650F192DAC005D3E2F /* CouchObjC.framework */; };
		540C89340F31D63B00E02727 /* JSON.framework in Frameworks */ = {isa = PBXBuildFile; fileRef = 540108BC0F1DA33D002AC9E5 /* JSON.framework */; };
		543D2A880F09650D00AAA9A5 /* MainWindow.xib in Resources */ = {isa = PBXBuildFile; fileRef = 543D2A860F09650D00AAA9A5 /* MainWindow.xib */; };
		5466040B0F24D15F000C77E7 /* Cocoa.framework in Frameworks */ = {isa = PBXBuildFile; fileRef = 1058C7A7FEA54F5311CA2CBB /* Cocoa.framework */; };
		5466040C0F24D162000C77E7 /* JSON.framework in Frameworks */ = {isa = PBXBuildFile; fileRef = 540108BC0F1DA33D002AC9E5 /* JSON.framework */; };
		5466040F0F24D165000C77E7 /* CouchObjC.framework in Frameworks */ = {isa = PBXBuildFile; fileRef = 54B09E650F192DAC005D3E2F /* CouchObjC.framework */; };
		546604150F24D282000C77E7 /* JSON.framework in CopyFiles */ = {isa = PBXBuildFile; fileRef = 540108BC0F1DA33D002AC9E5 /* JSON.framework */; };
		546604160F24D285000C77E7 /* CouchObjC.framework in CopyFiles */ = {isa = PBXBuildFile; fileRef = 54B09E650F192DAC005D3E2F /* CouchObjC.framework */; };
		546647A90F349C7000A8A709 /* CreateDatabasePanel.xib in Resources */ = {isa = PBXBuildFile; fileRef = 546647A80F349C7000A8A709 /* CreateDatabasePanel.xib */; };
		546647AA0F349C7000A8A709 /* CreateDatabasePanel.xib in Resources */ = {isa = PBXBuildFile; fileRef = 546647A80F349C7000A8A709 /* CreateDatabasePanel.xib */; };
		546647BE0F349E8600A8A709 /* SVDatabaseCreateSheetController.m in Sources */ = {isa = PBXBuildFile; fileRef = 546647BD0F349E8600A8A709 /* SVDatabaseCreateSheetController.m */; };
		546647BF0F349E8600A8A709 /* SVDatabaseCreateSheetController.m in Sources */ = {isa = PBXBuildFile; fileRef = 546647BD0F349E8600A8A709 /* SVDatabaseCreateSheetController.m */; };
		546769BD0F2538A9006F6114 /* CouchDocument.xib in Resources */ = {isa = PBXBuildFile; fileRef = 546769BB0F2538A9006F6114 /* CouchDocument.xib */; };
		547B283F0F23821200580370 /* FunctionEditor.xib in Resources */ = {isa = PBXBuildFile; fileRef = 547B283B0F23821200580370 /* FunctionEditor.xib */; };
		548AACAC0F0AD50C009A49AD /* QueryResultView.xib in Resources */ = {isa = PBXBuildFile; fileRef = 548AACAA0F0AD50C009A49AD /* QueryResultView.xib */; };
		549BC6B00EFDC106002DFF80 /* BWToolkitFramework.framework in Frameworks */ = {isa = PBXBuildFile; fileRef = 549BC6AF0EFDC106002DFF80 /* BWToolkitFramework.framework */; };
		549BC6C60EFDC6A6002DFF80 /* BWToolkitFramework.framework in CopyFiles */ = {isa = PBXBuildFile; fileRef = 549BC6AF0EFDC106002DFF80 /* BWToolkitFramework.framework */; };
		549F374F0F3331700033A0C9 /* CouchObjC.framework in Frameworks */ = {isa = PBXBuildFile; fileRef = 54B09E650F192DAC005D3E2F /* CouchObjC.framework */; };
		54B09E800F192E47005D3E2F /* CouchObjC.framework in CopyFiles */ = {isa = PBXBuildFile; fileRef = 54B09E650F192DAC005D3E2F /* CouchObjC.framework */; };
		54B546120F31D006004E675B /* arrow-25.jpg in Resources */ = {isa = PBXBuildFile; fileRef = 54B546090F31D006004E675B /* arrow-25.jpg */; };
		54B546130F31D006004E675B /* arrow.jpg in Resources */ = {isa = PBXBuildFile; fileRef = 54B5460A0F31D006004E675B /* arrow.jpg */; };
		54B546140F31D006004E675B /* divan-2.icns in Resources */ = {isa = PBXBuildFile; fileRef = 54B5460B0F31D006004E675B /* divan-2.icns */; };
		54B546150F31D006004E675B /* divan-3.icns in Resources */ = {isa = PBXBuildFile; fileRef = 54B5460C0F31D006004E675B /* divan-3.icns */; };
		54B546160F31D006004E675B /* divan-4.icns in Resources */ = {isa = PBXBuildFile; fileRef = 54B5460D0F31D006004E675B /* divan-4.icns */; };
		54B546170F31D006004E675B /* divan-5.icns in Resources */ = {isa = PBXBuildFile; fileRef = 54B5460E0F31D006004E675B /* divan-5.icns */; };
		54B546180F31D006004E675B /* divan.icns in Resources */ = {isa = PBXBuildFile; fileRef = 54B5460F0F31D006004E675B /* divan.icns */; };
		54B546190F31D006004E675B /* documents.tiff in Resources */ = {isa = PBXBuildFile; fileRef = 54B546100F31D006004E675B /* documents.tiff */; };
		54B5461A0F31D006004E675B /* segment.jpg in Resources */ = {isa = PBXBuildFile; fileRef = 54B546110F31D006004E675B /* segment.jpg */; };
		54C53FEE0F06527300C337BC /* MainMenu.xib in Resources */ = {isa = PBXBuildFile; fileRef = 54C53FEC0F06527300C337BC /* MainMenu.xib */; };
		54F739D20F1BEA4C00B7B9F4 /* CouchObjC.framework in Frameworks */ = {isa = PBXBuildFile; fileRef = 54B09E650F192DAC005D3E2F /* CouchObjC.framework */; };
		54F73B4E0F1CDC2100B7B9F4 /* RBSplitView.framework in Frameworks */ = {isa = PBXBuildFile; fileRef = 54F73B4D0F1CDC2100B7B9F4 /* RBSplitView.framework */; };
		54F73B570F1CDC3E00B7B9F4 /* RBSplitView.framework in CopyFiles */ = {isa = PBXBuildFile; fileRef = 54F73B4D0F1CDC2100B7B9F4 /* RBSplitView.framework */; };
		8D15AC2C0486D014006FF6A4 /* Credits.rtf in Resources */ = {isa = PBXBuildFile; fileRef = 2A37F4B9FDCFA73011CA2CEA /* Credits.rtf */; };
		8D15AC340486D014006FF6A4 /* Cocoa.framework in Frameworks */ = {isa = PBXBuildFile; fileRef = 1058C7A7FEA54F5311CA2CBB /* Cocoa.framework */; };
/* End PBXBuildFile section */

/* Begin PBXContainerItemProxy section */
		540C88CA0F31D51700E02727 /* PBXContainerItemProxy */ = {
			isa = PBXContainerItemProxy;
			containerPortal = 54B09E870F195834005D3E2F /* CouchObjC.xcodeproj */;
			proxyType = 1;
			remoteGlobalIDString = 8DC2EF4F0486A6940098B216;
			remoteInfo = CouchObjC;
		};
		549F37490F3331480033A0C9 /* PBXContainerItemProxy */ = {
			isa = PBXContainerItemProxy;
			containerPortal = 54B09E870F195834005D3E2F /* CouchObjC.xcodeproj */;
			proxyType = 1;
			remoteGlobalIDString = 8DC2EF4F0486A6940098B216;
			remoteInfo = CouchObjC;
		};
		54B09E8C0F195834005D3E2F /* PBXContainerItemProxy */ = {
			isa = PBXContainerItemProxy;
			containerPortal = 54B09E870F195834005D3E2F /* CouchObjC.xcodeproj */;
			proxyType = 2;
			remoteGlobalIDString = 8DC2EF5B0486A6940098B216;
			remoteInfo = CouchObjC;
		};
		54B09E8E0F195834005D3E2F /* PBXContainerItemProxy */ = {
			isa = PBXContainerItemProxy;
			containerPortal = 54B09E870F195834005D3E2F /* CouchObjC.xcodeproj */;
			proxyType = 2;
			remoteGlobalIDString = 5315EE640D94078D001E3B2E;
			remoteInfo = Tests;
		};
		54B7DE800F097BF00081F3A3 /* PBXContainerItemProxy */ = {
			isa = PBXContainerItemProxy;
			containerPortal = 2A37F4A9FDCFA73011CA2CEA /* Project object */;
			proxyType = 1;
			remoteGlobalIDString = 8D15AC270486D014006FF6A4;
			remoteInfo = stigmergic;
		};
		54F9F2270F006DF000EE414E /* PBXContainerItemProxy */ = {
			isa = PBXContainerItemProxy;
			containerPortal = 2A37F4A9FDCFA73011CA2CEA /* Project object */;
			proxyType = 1;
			remoteGlobalIDString = 8D15AC270486D014006FF6A4;
			remoteInfo = stigmergic;
		};
/* End PBXContainerItemProxy section */

/* Begin PBXCopyFilesBuildPhase section */
		540C88DB0F31D51700E02727 /* CopyFiles */ = {
			isa = PBXCopyFilesBuildPhase;
			buildActionMask = 2147483647;
			dstPath = "";
			dstSubfolderSpec = 10;
			files = (
				540C88DC0F31D51700E02727 /* JSON.framework in CopyFiles */,
				540C88DD0F31D51700E02727 /* RBSplitView.framework in CopyFiles */,
				540C88DE0F31D51700E02727 /* CouchObjC.framework in CopyFiles */,
				540C88DF0F31D51700E02727 /* BWToolkitFramework.framework in CopyFiles */,
			);
			runOnlyForDeploymentPostprocessing = 0;
		};
		546604190F24D2A4000C77E7 /* CopyFiles */ = {
			isa = PBXCopyFilesBuildPhase;
			buildActionMask = 2147483647;
			dstPath = "";
			dstSubfolderSpec = 10;
			files = (
				546604160F24D285000C77E7 /* CouchObjC.framework in CopyFiles */,
				546604150F24D282000C77E7 /* JSON.framework in CopyFiles */,
			);
			runOnlyForDeploymentPostprocessing = 0;
		};
		549BC6C50EFDC662002DFF80 /* CopyFiles */ = {
			isa = PBXCopyFilesBuildPhase;
			buildActionMask = 2147483647;
			dstPath = "";
			dstSubfolderSpec = 10;
			files = (
				540108BF0F1DA343002AC9E5 /* JSON.framework in CopyFiles */,
				54F73B570F1CDC3E00B7B9F4 /* RBSplitView.framework in CopyFiles */,
				54B09E800F192E47005D3E2F /* CouchObjC.framework in CopyFiles */,
				549BC6C60EFDC6A6002DFF80 /* BWToolkitFramework.framework in CopyFiles */,
			);
			runOnlyForDeploymentPostprocessing = 0;
		};
/* End PBXCopyFilesBuildPhase section */

/* Begin PBXFileReference section */
		089C1660FE840EACC02AAC07 /* English */ = {isa = PBXFileReference; fileEncoding = 10; lastKnownFileType = text.plist.strings; name = English; path = English.lproj/InfoPlist.strings; sourceTree = "<group>"; };
		1058C7A7FEA54F5311CA2CBB /* Cocoa.framework */ = {isa = PBXFileReference; lastKnownFileType = wrapper.framework; name = Cocoa.framework; path = /System/Library/Frameworks/Cocoa.framework; sourceTree = "<absolute>"; };
		13E42FBA07B3F13500E4EEF1 /* CoreData.framework */ = {isa = PBXFileReference; lastKnownFileType = wrapper.framework; name = CoreData.framework; path = /System/Library/Frameworks/CoreData.framework; sourceTree = "<absolute>"; };
		2A37F4BAFDCFA73011CA2CEA /* English */ = {isa = PBXFileReference; lastKnownFileType = text.rtf; name = English; path = English.lproj/Credits.rtf; sourceTree = "<group>"; };
		2A37F4C4FDCFA73011CA2CEA /* AppKit.framework */ = {isa = PBXFileReference; lastKnownFileType = wrapper.framework; name = AppKit.framework; path = /System/Library/Frameworks/AppKit.framework; sourceTree = "<absolute>"; };
		2A37F4C5FDCFA73011CA2CEA /* Foundation.framework */ = {isa = PBXFileReference; lastKnownFileType = wrapper.framework; name = Foundation.framework; path = /System/Library/Frameworks/Foundation.framework; sourceTree = "<absolute>"; };
		5400899D0F30C040002D56A4 /* GTMDefines.h */ = {isa = PBXFileReference; fileEncoding = 4; lastKnownFileType = sourcecode.c.h; path = GTMDefines.h; sourceTree = "<group>"; };
		5400899E0F30C040002D56A4 /* GTMNSObject+UnitTesting.h */ = {isa = PBXFileReference; fileEncoding = 4; lastKnownFileType = sourcecode.c.h; path = "GTMNSObject+UnitTesting.h"; sourceTree = "<group>"; };
		5400899F0F30C040002D56A4 /* GTMNSObject+UnitTesting.m */ = {isa = PBXFileReference; fileEncoding = 4; lastKnownFileType = sourcecode.c.objc; path = "GTMNSObject+UnitTesting.m"; sourceTree = "<group>"; };
		540089A00F30C040002D56A4 /* GTMSenTestCase.h */ = {isa = PBXFileReference; fileEncoding = 4; lastKnownFileType = sourcecode.c.h; path = GTMSenTestCase.h; sourceTree = "<group>"; };
		540089A10F30C040002D56A4 /* GTMSenTestCase.m */ = {isa = PBXFileReference; fileEncoding = 4; lastKnownFileType = sourcecode.c.objc; path = GTMSenTestCase.m; sourceTree = "<group>"; };
		540089A20F30C040002D56A4 /* GTMSystemVersion.h */ = {isa = PBXFileReference; fileEncoding = 4; lastKnownFileType = sourcecode.c.h; path = GTMSystemVersion.h; sourceTree = "<group>"; };
		540089A30F30C040002D56A4 /* GTMSystemVersion.m */ = {isa = PBXFileReference; fileEncoding = 4; lastKnownFileType = sourcecode.c.objc; path = GTMSystemVersion.m; sourceTree = "<group>"; };
		540089A40F30C040002D56A4 /* main.m */ = {isa = PBXFileReference; fileEncoding = 4; lastKnownFileType = sourcecode.c.objc; name = main.m; path = Classes/main.m; sourceTree = "<group>"; };
		540089A50F30C040002D56A4 /* NSTreeNode+SVDavenport.m */ = {isa = PBXFileReference; fileEncoding = 4; lastKnownFileType = sourcecode.c.objc; path = "NSTreeNode+SVDavenport.m"; sourceTree = "<group>"; };
		540089A60F30C040002D56A4 /* NSTreeNode+SVDavenport.h */ = {isa = PBXFileReference; fileEncoding = 4; lastKnownFileType = sourcecode.c.h; path = "NSTreeNode+SVDavenport.h"; sourceTree = "<group>"; };
		540089A70F30C040002D56A4 /* SVAbstractDescriptor.h */ = {isa = PBXFileReference; fileEncoding = 4; lastKnownFileType = sourcecode.c.h; path = SVAbstractDescriptor.h; sourceTree = "<group>"; };
		540089A80F30C040002D56A4 /* SVAbstractDescriptor.m */ = {isa = PBXFileReference; fileEncoding = 4; lastKnownFileType = sourcecode.c.objc; path = SVAbstractDescriptor.m; sourceTree = "<group>"; };
		540089A90F30C040002D56A4 /* SVAppDelegate.h */ = {isa = PBXFileReference; fileEncoding = 4; lastKnownFileType = sourcecode.c.h; path = SVAppDelegate.h; sourceTree = "<group>"; };
		540089AA0F30C040002D56A4 /* SVAppDelegate.m */ = {isa = PBXFileReference; fileEncoding = 4; lastKnownFileType = sourcecode.c.objc; path = SVAppDelegate.m; sourceTree = "<group>"; };
		540089AB0F30C040002D56A4 /* SVBreadCrumbCell.h */ = {isa = PBXFileReference; fileEncoding = 4; lastKnownFileType = sourcecode.c.h; path = SVBreadCrumbCell.h; sourceTree = "<group>"; };
		540089AC0F30C040002D56A4 /* SVBreadCrumbCell.m */ = {isa = PBXFileReference; fileEncoding = 4; lastKnownFileType = sourcecode.c.objc; path = SVBreadCrumbCell.m; sourceTree = "<group>"; };
		540089AD0F30C040002D56A4 /* SVControlBarView.h */ = {isa = PBXFileReference; fileEncoding = 4; lastKnownFileType = sourcecode.c.h; path = SVControlBarView.h; sourceTree = "<group>"; };
		540089AE0F30C040002D56A4 /* SVControlBarView.m */ = {isa = PBXFileReference; fileEncoding = 4; lastKnownFileType = sourcecode.c.objc; path = SVControlBarView.m; sourceTree = "<group>"; };
		540089AF0F30C040002D56A4 /* SVCouchDbFrameworkTest.m */ = {isa = PBXFileReference; fileEncoding = 4; lastKnownFileType = sourcecode.c.objc; path = SVCouchDbFrameworkTest.m; sourceTree = "<group>"; };
		540089B00F30C040002D56A4 /* SVCouchDocumentController.h */ = {isa = PBXFileReference; fileEncoding = 4; lastKnownFileType = sourcecode.c.h; path = SVCouchDocumentController.h; sourceTree = "<group>"; };
		540089B10F30C040002D56A4 /* SVCouchDocumentController.m */ = {isa = PBXFileReference; fileEncoding = 4; lastKnownFileType = sourcecode.c.objc; path = SVCouchDocumentController.m; sourceTree = "<group>"; };
		540089B20F30C040002D56A4 /* SVCreateAndLoadSampleDatabaseTest.m */ = {isa = PBXFileReference; fileEncoding = 4; lastKnownFileType = sourcecode.c.objc; path = SVCreateAndLoadSampleDatabaseTest.m; sourceTree = "<group>"; };
		540089B30F30C040002D56A4 /* SVDatabaseDescriptor.h */ = {isa = PBXFileReference; fileEncoding = 4; lastKnownFileType = sourcecode.c.h; path = SVDatabaseDescriptor.h; sourceTree = "<group>"; };
		540089B40F30C040002D56A4 /* SVDatabaseDescriptor.m */ = {isa = PBXFileReference; fileEncoding = 4; lastKnownFileType = sourcecode.c.objc; path = SVDatabaseDescriptor.m; sourceTree = "<group>"; };
		540089B50F30C040002D56A4 /* SVDavenport.h */ = {isa = PBXFileReference; fileEncoding = 4; lastKnownFileType = sourcecode.c.h; path = SVDavenport.h; sourceTree = "<group>"; };
		540089B60F30C040002D56A4 /* SVDocumentKeyCell.h */ = {isa = PBXFileReference; fileEncoding = 4; lastKnownFileType = sourcecode.c.h; path = SVDocumentKeyCell.h; sourceTree = "<group>"; };
		540089B70F30C040002D56A4 /* SVDocumentKeyCell.m */ = {isa = PBXFileReference; fileEncoding = 4; lastKnownFileType = sourcecode.c.objc; path = SVDocumentKeyCell.m; sourceTree = "<group>"; };
		540089B80F30C040002D56A4 /* SVFetchServerInfoOperation.h */ = {isa = PBXFileReference; fileEncoding = 4; lastKnownFileType = sourcecode.c.h; path = SVFetchServerInfoOperation.h; sourceTree = "<group>"; };
		540089B90F30C040002D56A4 /* SVFetchServerInfoOperation.m */ = {isa = PBXFileReference; fileEncoding = 4; lastKnownFileType = sourcecode.c.objc; path = SVFetchServerInfoOperation.m; sourceTree = "<group>"; };
		540089BA0F30C040002D56A4 /* SVFunctionEditorController.h */ = {isa = PBXFileReference; fileEncoding = 4; lastKnownFileType = sourcecode.c.h; path = SVFunctionEditorController.h; sourceTree = "<group>"; };
		540089BB0F30C040002D56A4 /* SVFunctionEditorController.m */ = {isa = PBXFileReference; fileEncoding = 4; lastKnownFileType = sourcecode.c.objc; path = SVFunctionEditorController.m; sourceTree = "<group>"; };
		540089BC0F30C040002D56A4 /* SVJsonTest.m */ = {isa = PBXFileReference; fileEncoding = 4; lastKnownFileType = sourcecode.c.objc; path = SVJsonTest.m; sourceTree = "<group>"; };
		540089BD0F30C040002D56A4 /* SVLoadDataAtStartupTest.m */ = {isa = PBXFileReference; fileEncoding = 4; lastKnownFileType = sourcecode.c.objc; path = SVLoadDataAtStartupTest.m; sourceTree = "<group>"; };
		540089BE0F30C040002D56A4 /* SVMainWindowController.h */ = {isa = PBXFileReference; fileEncoding = 4; lastKnownFileType = sourcecode.c.h; path = SVMainWindowController.h; sourceTree = "<group>"; };
		540089BF0F30C040002D56A4 /* SVMainWindowController.m */ = {isa = PBXFileReference; fileEncoding = 4; lastKnownFileType = sourcecode.c.objc; path = SVMainWindowController.m; sourceTree = "<group>"; };
		540089C00F30C040002D56A4 /* SVPathControl.h */ = {isa = PBXFileReference; fileEncoding = 4; lastKnownFileType = sourcecode.c.h; path = SVPathControl.h; sourceTree = "<group>"; };
		540089C10F30C040002D56A4 /* SVPathControl.m */ = {isa = PBXFileReference; fileEncoding = 4; lastKnownFileType = sourcecode.c.objc; path = SVPathControl.m; sourceTree = "<group>"; };
		540089C20F30C040002D56A4 /* SVQueryResultController.h */ = {isa = PBXFileReference; fileEncoding = 4; lastKnownFileType = sourcecode.c.h; path = SVQueryResultController.h; sourceTree = "<group>"; };
		540089C30F30C040002D56A4 /* SVQueryResultController.m */ = {isa = PBXFileReference; fileEncoding = 4; lastKnownFileType = sourcecode.c.objc; path = SVQueryResultController.m; sourceTree = "<group>"; };
		540089C40F30C040002D56A4 /* SVSectionDescriptor.h */ = {isa = PBXFileReference; fileEncoding = 4; lastKnownFileType = sourcecode.c.h; path = SVSectionDescriptor.h; sourceTree = "<group>"; };
		540089C50F30C040002D56A4 /* SVSectionDescriptor.m */ = {isa = PBXFileReference; fileEncoding = 4; lastKnownFileType = sourcecode.c.objc; path = SVSectionDescriptor.m; sourceTree = "<group>"; };
		540089C60F30C040002D56A4 /* SVSourceListCell.h */ = {isa = PBXFileReference; fileEncoding = 4; lastKnownFileType = sourcecode.c.h; path = SVSourceListCell.h; sourceTree = "<group>"; };
		540089C70F30C040002D56A4 /* SVSourceListCell.m */ = {isa = PBXFileReference; fileEncoding = 4; lastKnownFileType = sourcecode.c.objc; path = SVSourceListCell.m; sourceTree = "<group>"; };
		540089C80F30C040002D56A4 /* SVSourceListView.h */ = {isa = PBXFileReference; fileEncoding = 4; lastKnownFileType = sourcecode.c.h; path = SVSourceListView.h; sourceTree = "<group>"; };
		540089C90F30C040002D56A4 /* SVSourceListView.m */ = {isa = PBXFileReference; fileEncoding = 4; lastKnownFileType = sourcecode.c.objc; path = SVSourceListView.m; sourceTree = "<group>"; };
		540108BC0F1DA33D002AC9E5 /* JSON.framework */ = {isa = PBXFileReference; lastKnownFileType = wrapper.framework; name = JSON.framework; path = ../couchobj/vendor/JSON/build/Release/JSON.framework; sourceTree = SOURCE_ROOT; };
		5406C33E0F32BA510049C387 /* Davenport_Prefix.pch */ = {isa = PBXFileReference; fileEncoding = 4; lastKnownFileType = sourcecode.c.h; name = Davenport_Prefix.pch; path = Classes/Davenport_Prefix.pch; sourceTree = "<group>"; };
		540C88FE0F31D51700E02727 /* Info copy.plist */ = {isa = PBXFileReference; lastKnownFileType = text.plist.xml; name = "Info copy.plist"; path = "Resources/Info copy.plist"; sourceTree = "<group>"; };
		540C893E0F31D66E00E02727 /* PLAN */ = {isa = PBXFileReference; fileEncoding = 4; lastKnownFileType = text; path = PLAN; sourceTree = "<group>"; };
		540C893F0F31D66E00E02727 /* README.markdown */ = {isa = PBXFileReference; fileEncoding = 4; lastKnownFileType = text; path = README.markdown; sourceTree = "<group>"; };
		543D2A870F09650D00AAA9A5 /* English */ = {isa = PBXFileReference; lastKnownFileType = file.xib; name = English; path = English.lproj/MainWindow.xib; sourceTree = "<group>"; };
		546603EB0F24CF75000C77E7 /* vendorTests.octest */ = {isa = PBXFileReference; explicitFileType = wrapper.cfbundle; includeInIndex = 0; path = vendorTests.octest; sourceTree = BUILT_PRODUCTS_DIR; };
		546647A80F349C7000A8A709 /* CreateDatabasePanel.xib */ = {isa = PBXFileReference; lastKnownFileType = file.xib; path = CreateDatabasePanel.xib; sourceTree = "<group>"; };
		546647BC0F349E8600A8A709 /* SVDatabaseCreateSheetController.h */ = {isa = PBXFileReference; fileEncoding = 4; lastKnownFileType = sourcecode.c.h; path = SVDatabaseCreateSheetController.h; sourceTree = "<group>"; };
		546647BD0F349E8600A8A709 /* SVDatabaseCreateSheetController.m */ = {isa = PBXFileReference; fileEncoding = 4; lastKnownFileType = sourcecode.c.objc; path = SVDatabaseCreateSheetController.m; sourceTree = "<group>"; };
		546769BC0F2538A9006F6114 /* English */ = {isa = PBXFileReference; lastKnownFileType = file.xib; name = English; path = English.lproj/CouchDocument.xib; sourceTree = "<group>"; };
		547B283C0F23821200580370 /* English */ = {isa = PBXFileReference; lastKnownFileType = file.xib; name = English; path = English.lproj/FunctionEditor.xib; sourceTree = "<group>"; };
		548AACAB0F0AD50C009A49AD /* English */ = {isa = PBXFileReference; lastKnownFileType = file.xib; name = English; path = English.lproj/QueryResultView.xib; sourceTree = "<group>"; };
		549BC6AF0EFDC106002DFF80 /* BWToolkitFramework.framework */ = {isa = PBXFileReference; explicitFileType = wrapper.framework; path = BWToolkitFramework.framework; sourceTree = "<group>"; };
		549F36EA0F332DD50033A0C9 /* Davenport.app */ = {isa = PBXFileReference; explicitFileType = wrapper.application; includeInIndex = 0; path = Davenport.app; sourceTree = BUILT_PRODUCTS_DIR; };
		54B09E650F192DAC005D3E2F /* CouchObjC.framework */ = {isa = PBXFileReference; lastKnownFileType = wrapper.framework; name = CouchObjC.framework; path = ../couchobj/build/Debug/CouchObjC.framework; sourceTree = SOURCE_ROOT; };
		54B09E870F195834005D3E2F /* CouchObjC.xcodeproj */ = {isa = PBXFileReference; lastKnownFileType = "wrapper.pb-project"; name = CouchObjC.xcodeproj; path = ../couchobj/CouchObjC.xcodeproj; sourceTree = SOURCE_ROOT; };
		54B546090F31D006004E675B /* arrow-25.jpg */ = {isa = PBXFileReference; lastKnownFileType = image.jpeg; name = "arrow-25.jpg"; path = "Images/arrow-25.jpg"; sourceTree = "<group>"; };
		54B5460A0F31D006004E675B /* arrow.jpg */ = {isa = PBXFileReference; lastKnownFileType = image.jpeg; name = arrow.jpg; path = Images/arrow.jpg; sourceTree = "<group>"; };
		54B5460B0F31D006004E675B /* divan-2.icns */ = {isa = PBXFileReference; lastKnownFileType = image.icns; name = "divan-2.icns"; path = "Images/divan-2.icns"; sourceTree = "<group>"; };
		54B5460C0F31D006004E675B /* divan-3.icns */ = {isa = PBXFileReference; lastKnownFileType = image.icns; name = "divan-3.icns"; path = "Images/divan-3.icns"; sourceTree = "<group>"; };
		54B5460D0F31D006004E675B /* divan-4.icns */ = {isa = PBXFileReference; lastKnownFileType = image.icns; name = "divan-4.icns"; path = "Images/divan-4.icns"; sourceTree = "<group>"; };
		54B5460E0F31D006004E675B /* divan-5.icns */ = {isa = PBXFileReference; lastKnownFileType = image.icns; name = "divan-5.icns"; path = "Images/divan-5.icns"; sourceTree = "<group>"; };
		54B5460F0F31D006004E675B /* divan.icns */ = {isa = PBXFileReference; lastKnownFileType = image.icns; name = divan.icns; path = Images/divan.icns; sourceTree = "<group>"; };
		54B546100F31D006004E675B /* documents.tiff */ = {isa = PBXFileReference; lastKnownFileType = image.tiff; name = documents.tiff; path = Images/documents.tiff; sourceTree = "<group>"; };
		54B546110F31D006004E675B /* segment.jpg */ = {isa = PBXFileReference; lastKnownFileType = image.jpeg; name = segment.jpg; path = Images/segment.jpg; sourceTree = "<group>"; };
		54B7DE8D0F097BF00081F3A3 /* IntegrationTests.octest */ = {isa = PBXFileReference; explicitFileType = wrapper.cfbundle; includeInIndex = 0; path = IntegrationTests.octest; sourceTree = BUILT_PRODUCTS_DIR; };
		54C53FED0F06527300C337BC /* English */ = {isa = PBXFileReference; lastKnownFileType = file.xib; name = English; path = English.lproj/MainMenu.xib; sourceTree = "<group>"; };
		54DF2F7E0F30C59000A720D9 /* Info.plist */ = {isa = PBXFileReference; explicitFileType = text.plist.xml; fileEncoding = 4; name = Info.plist; path = Resources/Info.plist; sourceTree = "<group>"; };
		54DF2F7F0F30C59000A720D9 /* IntegrationTests-Info.plist */ = {isa = PBXFileReference; fileEncoding = 4; lastKnownFileType = text.plist.xml; name = "IntegrationTests-Info.plist"; path = "Resources/IntegrationTests-Info.plist"; sourceTree = "<group>"; };
		54DF2F800F30C59000A720D9 /* Test Bundle-Info.plist */ = {isa = PBXFileReference; fileEncoding = 4; lastKnownFileType = text.plist.xml; name = "Test Bundle-Info.plist"; path = "Resources/Test Bundle-Info.plist"; sourceTree = "<group>"; };
		54DF2F810F30C59000A720D9 /* Tests-Info.plist */ = {isa = PBXFileReference; fileEncoding = 4; lastKnownFileType = text.plist.xml; name = "Tests-Info.plist"; path = "Resources/Tests-Info.plist"; sourceTree = "<group>"; };
		54DF2F820F30C59000A720D9 /* Unit Tests-Info.plist */ = {isa = PBXFileReference; fileEncoding = 4; lastKnownFileType = text.plist.xml; name = "Unit Tests-Info.plist"; path = "Resources/Unit Tests-Info.plist"; sourceTree = "<group>"; };
		54DF2F830F30C59000A720D9 /* vendorTests-Info.plist */ = {isa = PBXFileReference; fileEncoding = 4; lastKnownFileType = text.plist.xml; name = "vendorTests-Info.plist"; path = "Resources/vendorTests-Info.plist"; sourceTree = "<group>"; };
		54F73B4D0F1CDC2100B7B9F4 /* RBSplitView.framework */ = {isa = PBXFileReference; lastKnownFileType = wrapper.framework; path = RBSplitView.framework; sourceTree = "<group>"; };
		54F9F3330F0080B100EE414E /* Unit Tests.octest */ = {isa = PBXFileReference; explicitFileType = wrapper.cfbundle; includeInIndex = 0; path = "Unit Tests.octest"; sourceTree = BUILT_PRODUCTS_DIR; };
		8D15AC370486D014006FF6A4 /* Davenport.app */ = {isa = PBXFileReference; explicitFileType = wrapper.application; includeInIndex = 0; path = Davenport.app; sourceTree = BUILT_PRODUCTS_DIR; };
/* End PBXFileReference section */

/* Begin PBXFrameworksBuildPhase section */
		540C88F20F31D51700E02727 /* Frameworks */ = {
			isa = PBXFrameworksBuildPhase;
			buildActionMask = 2147483647;
			files = (
				540C89340F31D63B00E02727 /* JSON.framework in Frameworks */,
				540C892E0F31D63300E02727 /* CouchObjC.framework in Frameworks */,
				540C89210F31D61F00E02727 /* BWToolkitFramework.framework in Frameworks */,
				540C89200F31D61D00E02727 /* RBSplitView.framework in Frameworks */,
				540C88F30F31D51700E02727 /* Cocoa.framework in Frameworks */,
			);
			runOnlyForDeploymentPostprocessing = 0;
		};
		546603E80F24CF75000C77E7 /* Frameworks */ = {
			isa = PBXFrameworksBuildPhase;
			buildActionMask = 2147483647;
			files = (
				5466040F0F24D165000C77E7 /* CouchObjC.framework in Frameworks */,
				5466040C0F24D162000C77E7 /* JSON.framework in Frameworks */,
				5466040B0F24D15F000C77E7 /* Cocoa.framework in Frameworks */,
			);
			runOnlyForDeploymentPostprocessing = 0;
		};
		54B7DE870F097BF00081F3A3 /* Frameworks */ = {
			isa = PBXFrameworksBuildPhase;
			buildActionMask = 2147483647;
			files = (
				54F739D20F1BEA4C00B7B9F4 /* CouchObjC.framework in Frameworks */,
			);
			runOnlyForDeploymentPostprocessing = 0;
		};
		54F9F2210F006DE900EE414E /* Frameworks */ = {
			isa = PBXFrameworksBuildPhase;
			buildActionMask = 2147483647;
			files = (
				54008A150F30C458002D56A4 /* JSON.framework in Frameworks */,
				540089FD0F30C36F002D56A4 /* CouchObjC.framework in Frameworks */,
			);
			runOnlyForDeploymentPostprocessing = 0;
		};
		8D15AC330486D014006FF6A4 /* Frameworks */ = {
			isa = PBXFrameworksBuildPhase;
			buildActionMask = 2147483647;
			files = (
				549F374F0F3331700033A0C9 /* CouchObjC.framework in Frameworks */,
				8D15AC340486D014006FF6A4 /* Cocoa.framework in Frameworks */,
				549BC6B00EFDC106002DFF80 /* BWToolkitFramework.framework in Frameworks */,
				54F73B4E0F1CDC2100B7B9F4 /* RBSplitView.framework in Frameworks */,
				540108BD0F1DA33D002AC9E5 /* JSON.framework in Frameworks */,
			);
			runOnlyForDeploymentPostprocessing = 0;
		};
/* End PBXFrameworksBuildPhase section */

/* Begin PBXGroup section */
		1058C7A6FEA54F5311CA2CBB /* Linked Frameworks */ = {
			isa = PBXGroup;
			children = (
				540108BC0F1DA33D002AC9E5 /* JSON.framework */,
				54F73B4D0F1CDC2100B7B9F4 /* RBSplitView.framework */,
				54B09E650F192DAC005D3E2F /* CouchObjC.framework */,
				549BC6AF0EFDC106002DFF80 /* BWToolkitFramework.framework */,
				1058C7A7FEA54F5311CA2CBB /* Cocoa.framework */,
			);
			name = "Linked Frameworks";
			sourceTree = "<group>";
		};
		1058C7A8FEA54F5311CA2CBB /* Other Frameworks */ = {
			isa = PBXGroup;
			children = (
				2A37F4C4FDCFA73011CA2CEA /* AppKit.framework */,
				13E42FBA07B3F13500E4EEF1 /* CoreData.framework */,
				2A37F4C5FDCFA73011CA2CEA /* Foundation.framework */,
			);
			name = "Other Frameworks";
			sourceTree = "<group>";
		};
		19C28FB0FE9D524F11CA2CBB /* Products */ = {
			isa = PBXGroup;
			children = (
				8D15AC370486D014006FF6A4 /* Davenport.app */,
				54F9F3330F0080B100EE414E /* Unit Tests.octest */,
				54B7DE8D0F097BF00081F3A3 /* IntegrationTests.octest */,
				546603EB0F24CF75000C77E7 /* vendorTests.octest */,
				549F36EA0F332DD50033A0C9 /* Davenport.app */,
			);
			name = Products;
			sourceTree = "<group>";
		};
		2A37F4AAFDCFA73011CA2CEA /* stigmergic */ = {
			isa = PBXGroup;
			children = (
				540C893E0F31D66E00E02727 /* PLAN */,
				540C893F0F31D66E00E02727 /* README.markdown */,
				54B09E870F195834005D3E2F /* CouchObjC.xcodeproj */,
				5400899C0F30C040002D56A4 /* Classes */,
				2A37F4AFFDCFA73011CA2CEA /* Other Sources */,
				2A37F4B8FDCFA73011CA2CEA /* Resources */,
				2A37F4C3FDCFA73011CA2CEA /* Frameworks */,
				19C28FB0FE9D524F11CA2CBB /* Products */,
			);
			name = stigmergic;
			sourceTree = "<group>";
		};
		2A37F4AFFDCFA73011CA2CEA /* Other Sources */ = {
			isa = PBXGroup;
			children = (
				5406C33E0F32BA510049C387 /* Davenport_Prefix.pch */,
				540089A40F30C040002D56A4 /* main.m */,
			);
			name = "Other Sources";
			sourceTree = "<group>";
		};
		2A37F4B8FDCFA73011CA2CEA /* Resources */ = {
			isa = PBXGroup;
			children = (
				54DF2F7E0F30C59000A720D9 /* Info.plist */,
				54DF2F7F0F30C59000A720D9 /* IntegrationTests-Info.plist */,
				54DF2F800F30C59000A720D9 /* Test Bundle-Info.plist */,
				54DF2F810F30C59000A720D9 /* Tests-Info.plist */,
				54DF2F820F30C59000A720D9 /* Unit Tests-Info.plist */,
				54DF2F830F30C59000A720D9 /* vendorTests-Info.plist */,
				5405B42F0F1450B2000EF28E /* images */,
				546647A80F349C7000A8A709 /* CreateDatabasePanel.xib */,
				547B283B0F23821200580370 /* FunctionEditor.xib */,
				546769BB0F2538A9006F6114 /* CouchDocument.xib */,
				548AACAA0F0AD50C009A49AD /* QueryResultView.xib */,
				543D2A860F09650D00AAA9A5 /* MainWindow.xib */,
				54C53FEC0F06527300C337BC /* MainMenu.xib */,
				2A37F4B9FDCFA73011CA2CEA /* Credits.rtf */,
				089C165FFE840EACC02AAC07 /* InfoPlist.strings */,
				540C88FE0F31D51700E02727 /* Info copy.plist */,
			);
			name = Resources;
			sourceTree = "<group>";
		};
		2A37F4C3FDCFA73011CA2CEA /* Frameworks */ = {
			isa = PBXGroup;
			children = (
				1058C7A6FEA54F5311CA2CBB /* Linked Frameworks */,
				1058C7A8FEA54F5311CA2CBB /* Other Frameworks */,
			);
			name = Frameworks;
			sourceTree = "<group>";
		};
		5400899C0F30C040002D56A4 /* Classes */ = {
			isa = PBXGroup;
			children = (
				540089B50F30C040002D56A4 /* SVDavenport.h */,
				540089B80F30C040002D56A4 /* SVFetchServerInfoOperation.h */,
				540089B90F30C040002D56A4 /* SVFetchServerInfoOperation.m */,
				540089F10F30C203002D56A4 /* Additions */,
				540089F00F30C13F002D56A4 /* Views, Cells and Controls */,
				540089EF0F30C12D002D56A4 /* Controllers and Delegates */,
				540089EE0F30C128002D56A4 /* Model */,
				540089EB0F30C11E002D56A4 /* Tests */,
			);
			path = Classes;
			sourceTree = "<group>";
		};
		540089EB0F30C11E002D56A4 /* Tests */ = {
			isa = PBXGroup;
			children = (
				54008A1D0F30C4A3002D56A4 /* Integration */,
				54008A1C0F30C49D002D56A4 /* Unit */,
				54008A170F30C482002D56A4 /* GTMN */,
				540089BD0F30C040002D56A4 /* SVLoadDataAtStartupTest.m */,
				540089BC0F30C040002D56A4 /* SVJsonTest.m */,
				540089AF0F30C040002D56A4 /* SVCouchDbFrameworkTest.m */,
				540089B20F30C040002D56A4 /* SVCreateAndLoadSampleDatabaseTest.m */,
			);
			name = Tests;
			sourceTree = "<group>";
		};
		540089EE0F30C128002D56A4 /* Model */ = {
			isa = PBXGroup;
			children = (
				540089C40F30C040002D56A4 /* SVSectionDescriptor.h */,
				540089C50F30C040002D56A4 /* SVSectionDescriptor.m */,
				540089B30F30C040002D56A4 /* SVDatabaseDescriptor.h */,
				540089B40F30C040002D56A4 /* SVDatabaseDescriptor.m */,
				540089A70F30C040002D56A4 /* SVAbstractDescriptor.h */,
				540089A80F30C040002D56A4 /* SVAbstractDescriptor.m */,
			);
			name = Model;
			sourceTree = "<group>";
		};
		540089EF0F30C12D002D56A4 /* Controllers and Delegates */ = {
			isa = PBXGroup;
			children = (
				5456930B0F3256F400100237 /* headers */,
				540089AA0F30C040002D56A4 /* SVAppDelegate.m */,
				540089B10F30C040002D56A4 /* SVCouchDocumentController.m */,
				540089BB0F30C040002D56A4 /* SVFunctionEditorController.m */,
				540089BF0F30C040002D56A4 /* SVMainWindowController.m */,
				540089C30F30C040002D56A4 /* SVQueryResultController.m */,
				546647BD0F349E8600A8A709 /* SVDatabaseCreateSheetController.m */,
			);
			name = "Controllers and Delegates";
			sourceTree = "<group>";
		};
		540089F00F30C13F002D56A4 /* Views, Cells and Controls */ = {
			isa = PBXGroup;
			children = (
				540089C00F30C040002D56A4 /* SVPathControl.h */,
				540089C10F30C040002D56A4 /* SVPathControl.m */,
				540089AB0F30C040002D56A4 /* SVBreadCrumbCell.h */,
				540089AC0F30C040002D56A4 /* SVBreadCrumbCell.m */,
				540089B60F30C040002D56A4 /* SVDocumentKeyCell.h */,
				540089B70F30C040002D56A4 /* SVDocumentKeyCell.m */,
				540089C60F30C040002D56A4 /* SVSourceListCell.h */,
				540089C70F30C040002D56A4 /* SVSourceListCell.m */,
				540089AD0F30C040002D56A4 /* SVControlBarView.h */,
				540089AE0F30C040002D56A4 /* SVControlBarView.m */,
				540089C80F30C040002D56A4 /* SVSourceListView.h */,
				540089C90F30C040002D56A4 /* SVSourceListView.m */,
			);
			name = "Views, Cells and Controls";
			sourceTree = "<group>";
		};
		540089F10F30C203002D56A4 /* Additions */ = {
			isa = PBXGroup;
			children = (
				540089A50F30C040002D56A4 /* NSTreeNode+SVDavenport.m */,
				540089A60F30C040002D56A4 /* NSTreeNode+SVDavenport.h */,
			);
			name = Additions;
			sourceTree = "<group>";
		};
		54008A170F30C482002D56A4 /* GTMN */ = {
			isa = PBXGroup;
			children = (
				5400899D0F30C040002D56A4 /* GTMDefines.h */,
				5400899E0F30C040002D56A4 /* GTMNSObject+UnitTesting.h */,
				5400899F0F30C040002D56A4 /* GTMNSObject+UnitTesting.m */,
				540089A00F30C040002D56A4 /* GTMSenTestCase.h */,
				540089A10F30C040002D56A4 /* GTMSenTestCase.m */,
				540089A20F30C040002D56A4 /* GTMSystemVersion.h */,
				540089A30F30C040002D56A4 /* GTMSystemVersion.m */,
			);
			name = GTMN;
			sourceTree = "<group>";
		};
		54008A1C0F30C49D002D56A4 /* Unit */ = {
			isa = PBXGroup;
			children = (
			);
			name = Unit;
			sourceTree = "<group>";
		};
		54008A1D0F30C4A3002D56A4 /* Integration */ = {
			isa = PBXGroup;
			children = (
			);
			name = Integration;
			sourceTree = "<group>";
		};
		5405B42F0F1450B2000EF28E /* images */ = {
			isa = PBXGroup;
			children = (
				54B546090F31D006004E675B /* arrow-25.jpg */,
				54B5460A0F31D006004E675B /* arrow.jpg */,
				54B5460B0F31D006004E675B /* divan-2.icns */,
				54B5460C0F31D006004E675B /* divan-3.icns */,
				54B5460D0F31D006004E675B /* divan-4.icns */,
				54B5460E0F31D006004E675B /* divan-5.icns */,
				54B5460F0F31D006004E675B /* divan.icns */,
				54B546100F31D006004E675B /* documents.tiff */,
				54B546110F31D006004E675B /* segment.jpg */,
			);
			name = images;
			sourceTree = "<group>";
		};
		5456930B0F3256F400100237 /* headers */ = {
			isa = PBXGroup;
			children = (
				546647BC0F349E8600A8A709 /* SVDatabaseCreateSheetController.h */,
				540089C20F30C040002D56A4 /* SVQueryResultController.h */,
				540089BE0F30C040002D56A4 /* SVMainWindowController.h */,
				540089BA0F30C040002D56A4 /* SVFunctionEditorController.h */,
				540089B00F30C040002D56A4 /* SVCouchDocumentController.h */,
				540089A90F30C040002D56A4 /* SVAppDelegate.h */,
			);
			name = headers;
			sourceTree = "<group>";
		};
		54B09E880F195834005D3E2F /* Products */ = {
			isa = PBXGroup;
			children = (
				54B09E8D0F195834005D3E2F /* CouchObjC.framework */,
				54B09E8F0F195834005D3E2F /* Tests.octest */,
			);
			name = Products;
			sourceTree = "<group>";
		};
/* End PBXGroup section */

/* Begin PBXNativeTarget section */
		540C88C80F31D51700E02727 /* Davenport with Embedded CouchDB */ = {
			isa = PBXNativeTarget;
			buildConfigurationList = 540C88F90F31D51700E02727 /* Build configuration list for PBXNativeTarget "Davenport with Embedded CouchDB" */;
			buildPhases = (
				540C88CB0F31D51700E02727 /* Resources */,
				540C88DB0F31D51700E02727 /* CopyFiles */,
				540C88E00F31D51700E02727 /* Sources */,
				540C88F20F31D51700E02727 /* Frameworks */,
				540C88F80F31D51700E02727 /* ShellScript */,
			);
			buildRules = (
			);
			dependencies = (
				540C88C90F31D51700E02727 /* PBXTargetDependency */,
			);
			name = "Davenport with Embedded CouchDB";
			productInstallPath = "$(HOME)/Applications";
			productName = stigmergic;
			productReference = 549F36EA0F332DD50033A0C9 /* Davenport.app */;
			productType = "com.apple.product-type.application";
		};
		546603EA0F24CF75000C77E7 /* vendorTests */ = {
			isa = PBXNativeTarget;
			buildConfigurationList = 546603F20F24CF76000C77E7 /* Build configuration list for PBXNativeTarget "vendorTests" */;
			buildPhases = (
				546604190F24D2A4000C77E7 /* CopyFiles */,
				546603E60F24CF75000C77E7 /* Resources */,
				546603E70F24CF75000C77E7 /* Sources */,
				546603E80F24CF75000C77E7 /* Frameworks */,
				546603E90F24CF75000C77E7 /* ShellScript */,
			);
			buildRules = (
			);
			dependencies = (
			);
			name = vendorTests;
			productName = vendorTests;
			productReference = 546603EB0F24CF75000C77E7 /* vendorTests.octest */;
			productType = "com.apple.product-type.bundle";
		};
		54B7DE7E0F097BF00081F3A3 /* Integration Tests */ = {
			isa = PBXNativeTarget;
			buildConfigurationList = 54B7DE8A0F097BF00081F3A3 /* Build configuration list for PBXNativeTarget "Integration Tests" */;
			buildPhases = (
				54B7DE810F097BF00081F3A3 /* Resources */,
				54B7DE820F097BF00081F3A3 /* Sources */,
				54B7DE870F097BF00081F3A3 /* Frameworks */,
				54B7DE890F097BF00081F3A3 /* ShellScript */,
			);
			buildRules = (
			);
			dependencies = (
				54B7DE7F0F097BF00081F3A3 /* PBXTargetDependency */,
			);
			name = "Integration Tests";
			productName = "Unit Tests";
			productReference = 54B7DE8D0F097BF00081F3A3 /* IntegrationTests.octest */;
			productType = "com.apple.product-type.bundle";
		};
		54F9F2230F006DE900EE414E /* Unit Tests */ = {
			isa = PBXNativeTarget;
			buildConfigurationList = 54F9F2290F006E0E00EE414E /* Build configuration list for PBXNativeTarget "Unit Tests" */;
			buildPhases = (
				54F9F21F0F006DE900EE414E /* Resources */,
				54F9F2200F006DE900EE414E /* Sources */,
				54F9F2210F006DE900EE414E /* Frameworks */,
				54F9F2220F006DE900EE414E /* ShellScript */,
			);
			buildRules = (
			);
			dependencies = (
				54F9F2280F006DF000EE414E /* PBXTargetDependency */,
			);
			name = "Unit Tests";
			productName = "Unit Tests";
			productReference = 54F9F3330F0080B100EE414E /* Unit Tests.octest */;
			productType = "com.apple.product-type.bundle";
		};
		8D15AC270486D014006FF6A4 /* Davenport */ = {
			isa = PBXNativeTarget;
			buildConfigurationList = C05733C708A9546B00998B17 /* Build configuration list for PBXNativeTarget "Davenport" */;
			buildPhases = (
				8D15AC2B0486D014006FF6A4 /* Resources */,
				549BC6C50EFDC662002DFF80 /* CopyFiles */,
				8D15AC300486D014006FF6A4 /* Sources */,
				8D15AC330486D014006FF6A4 /* Frameworks */,
			);
			buildRules = (
			);
			dependencies = (
				549F374A0F3331480033A0C9 /* PBXTargetDependency */,
			);
			name = Davenport;
			productInstallPath = "$(HOME)/Applications";
			productName = stigmergic;
			productReference = 8D15AC370486D014006FF6A4 /* Davenport.app */;
			productType = "com.apple.product-type.application";
		};
/* End PBXNativeTarget section */

/* Begin PBXProject section */
		2A37F4A9FDCFA73011CA2CEA /* Project object */ = {
			isa = PBXProject;
			buildConfigurationList = C05733CB08A9546B00998B17 /* Build configuration list for PBXProject "Davenport" */;
			compatibilityVersion = "Xcode 3.1";
			hasScannedForEncodings = 1;
			mainGroup = 2A37F4AAFDCFA73011CA2CEA /* stigmergic */;
			projectDirPath = "";
			projectReferences = (
				{
					ProductGroup = 54B09E880F195834005D3E2F /* Products */;
					ProjectRef = 54B09E870F195834005D3E2F /* CouchObjC.xcodeproj */;
				},
			);
			projectRoot = "";
			targets = (
				540C88C80F31D51700E02727 /* Davenport with Embedded CouchDB */,
				8D15AC270486D014006FF6A4 /* Davenport */,
				54F9F2230F006DE900EE414E /* Unit Tests */,
				54B7DE7E0F097BF00081F3A3 /* Integration Tests */,
				546603EA0F24CF75000C77E7 /* vendorTests */,
			);
		};
/* End PBXProject section */

/* Begin PBXReferenceProxy section */
		54B09E8D0F195834005D3E2F /* CouchObjC.framework */ = {
			isa = PBXReferenceProxy;
			fileType = wrapper.framework;
			path = CouchObjC.framework;
			remoteRef = 54B09E8C0F195834005D3E2F /* PBXContainerItemProxy */;
			sourceTree = BUILT_PRODUCTS_DIR;
		};
		54B09E8F0F195834005D3E2F /* Tests.octest */ = {
			isa = PBXReferenceProxy;
			fileType = wrapper.cfbundle;
			path = Tests.octest;
			remoteRef = 54B09E8E0F195834005D3E2F /* PBXContainerItemProxy */;
			sourceTree = BUILT_PRODUCTS_DIR;
		};
/* End PBXReferenceProxy section */

/* Begin PBXResourcesBuildPhase section */
		540C88CB0F31D51700E02727 /* Resources */ = {
			isa = PBXResourcesBuildPhase;
			buildActionMask = 2147483647;
			files = (
				540C88CC0F31D51700E02727 /* Credits.rtf in Resources */,
				540C88CD0F31D51700E02727 /* MainMenu.xib in Resources */,
				540C88CE0F31D51700E02727 /* MainWindow.xib in Resources */,
				540C88CF0F31D51700E02727 /* QueryResultView.xib in Resources */,
				540C88D00F31D51700E02727 /* FunctionEditor.xib in Resources */,
				540C88D10F31D51700E02727 /* CouchDocument.xib in Resources */,
				540C88D20F31D51700E02727 /* arrow-25.jpg in Resources */,
				540C88D30F31D51700E02727 /* arrow.jpg in Resources */,
				540C88D40F31D51700E02727 /* divan-2.icns in Resources */,
				540C88D50F31D51700E02727 /* divan-3.icns in Resources */,
				540C88D60F31D51700E02727 /* divan-4.icns in Resources */,
				540C88D70F31D51700E02727 /* divan-5.icns in Resources */,
				540C88D80F31D51700E02727 /* divan.icns in Resources */,
				540C88D90F31D51700E02727 /* documents.tiff in Resources */,
				540C88DA0F31D51700E02727 /* segment.jpg in Resources */,
				546647A90F349C7000A8A709 /* CreateDatabasePanel.xib in Resources */,
			);
			runOnlyForDeploymentPostprocessing = 0;
		};
		546603E60F24CF75000C77E7 /* Resources */ = {
			isa = PBXResourcesBuildPhase;
			buildActionMask = 2147483647;
			files = (
			);
			runOnlyForDeploymentPostprocessing = 0;
		};
		54B7DE810F097BF00081F3A3 /* Resources */ = {
			isa = PBXResourcesBuildPhase;
			buildActionMask = 2147483647;
			files = (
			);
			runOnlyForDeploymentPostprocessing = 0;
		};
		54F9F21F0F006DE900EE414E /* Resources */ = {
			isa = PBXResourcesBuildPhase;
			buildActionMask = 2147483647;
			files = (
			);
			runOnlyForDeploymentPostprocessing = 0;
		};
		8D15AC2B0486D014006FF6A4 /* Resources */ = {
			isa = PBXResourcesBuildPhase;
			buildActionMask = 2147483647;
			files = (
				8D15AC2C0486D014006FF6A4 /* Credits.rtf in Resources */,
				54C53FEE0F06527300C337BC /* MainMenu.xib in Resources */,
				543D2A880F09650D00AAA9A5 /* MainWindow.xib in Resources */,
				548AACAC0F0AD50C009A49AD /* QueryResultView.xib in Resources */,
				547B283F0F23821200580370 /* FunctionEditor.xib in Resources */,
				546769BD0F2538A9006F6114 /* CouchDocument.xib in Resources */,
				54B546120F31D006004E675B /* arrow-25.jpg in Resources */,
				54B546130F31D006004E675B /* arrow.jpg in Resources */,
				54B546140F31D006004E675B /* divan-2.icns in Resources */,
				54B546150F31D006004E675B /* divan-3.icns in Resources */,
				54B546160F31D006004E675B /* divan-4.icns in Resources */,
				54B546170F31D006004E675B /* divan-5.icns in Resources */,
				54B546180F31D006004E675B /* divan.icns in Resources */,
				54B546190F31D006004E675B /* documents.tiff in Resources */,
				54B5461A0F31D006004E675B /* segment.jpg in Resources */,
				546647AA0F349C7000A8A709 /* CreateDatabasePanel.xib in Resources */,
			);
			runOnlyForDeploymentPostprocessing = 0;
		};
/* End PBXResourcesBuildPhase section */

/* Begin PBXShellScriptBuildPhase section */
		540C88F80F31D51700E02727 /* ShellScript */ = {
			isa = PBXShellScriptBuildPhase;
			buildActionMask = 2147483647;
			files = (
			);
			inputPaths = (
			);
			outputPaths = (
			);
			runOnlyForDeploymentPostprocessing = 0;
			shellPath = /bin/bash;
			shellScript = "echo \"---------------------------------------------- CUSTOM COPY SCRIPT\"\ncp -r /Users/robevans/Projects/cocoa/CouchDb $CONFIGURATION_BUILD_DIR/$UNLOCALIZED_RESOURCES_FOLDER_PATH\n";
			showEnvVarsInLog = 0;
		};
		546603E90F24CF75000C77E7 /* ShellScript */ = {
			isa = PBXShellScriptBuildPhase;
			buildActionMask = 2147483647;
			files = (
			);
			inputPaths = (
			);
			outputPaths = (
			);
			runOnlyForDeploymentPostprocessing = 0;
			shellPath = /bin/sh;
			shellScript = "# Run the unit tests in this test bundle.\n\"${SYSTEM_DEVELOPER_DIR}/Tools/RunUnitTests\"\n";
		};
		54B7DE890F097BF00081F3A3 /* ShellScript */ = {
			isa = PBXShellScriptBuildPhase;
			buildActionMask = 2147483647;
			files = (
			);
			inputPaths = (
			);
			outputPaths = (
			);
			runOnlyForDeploymentPostprocessing = 0;
			shellPath = /bin/sh;
			shellScript = "/Users/robevans/Projects/iPhone/google-toolbox-for-mac-1-5-1/UnitTesting/RunMacOSUnitTests.sh\n#\"${SYSTEM_DEVELOPER_DIR}/Tools/RunUnitTests\"";
			showEnvVarsInLog = 0;
		};
		54F9F2220F006DE900EE414E /* ShellScript */ = {
			isa = PBXShellScriptBuildPhase;
			buildActionMask = 2147483647;
			files = (
			);
			inputPaths = (
			);
			outputPaths = (
			);
			runOnlyForDeploymentPostprocessing = 0;
			shellPath = /bin/sh;
			shellScript = "#/Users/robevans/Projects/iPhone/google-toolbox-for-mac-1-5-1/UnitTesting/RunMacOSUnitTests.sh\n\"${SYSTEM_DEVELOPER_DIR}/Tools/RunUnitTests\"";
			showEnvVarsInLog = 0;
		};
/* End PBXShellScriptBuildPhase section */

/* Begin PBXSourcesBuildPhase section */
		540C88E00F31D51700E02727 /* Sources */ = {
			isa = PBXSourcesBuildPhase;
			buildActionMask = 2147483647;
			files = (
				540C88E10F31D51700E02727 /* main.m in Sources */,
				540C88E20F31D51700E02727 /* NSTreeNode+SVDavenport.m in Sources */,
				540C88E30F31D51700E02727 /* SVAbstractDescriptor.m in Sources */,
				540C88E40F31D51700E02727 /* SVAppDelegate.m in Sources */,
				540C88E50F31D51700E02727 /* SVBreadCrumbCell.m in Sources */,
				540C88E60F31D51700E02727 /* SVControlBarView.m in Sources */,
				540C88E70F31D51700E02727 /* SVCouchDocumentController.m in Sources */,
				540C88E80F31D51700E02727 /* SVDatabaseDescriptor.m in Sources */,
				540C88E90F31D51700E02727 /* SVDocumentKeyCell.m in Sources */,
				540C88EA0F31D51700E02727 /* SVFetchServerInfoOperation.m in Sources */,
				540C88EB0F31D51700E02727 /* SVFunctionEditorController.m in Sources */,
				540C88EC0F31D51700E02727 /* SVMainWindowController.m in Sources */,
				540C88ED0F31D51700E02727 /* SVPathControl.m in Sources */,
				540C88EE0F31D51700E02727 /* SVQueryResultController.m in Sources */,
				540C88EF0F31D51700E02727 /* SVSectionDescriptor.m in Sources */,
				540C88F00F31D51700E02727 /* SVSourceListCell.m in Sources */,
				540C88F10F31D51700E02727 /* SVSourceListView.m in Sources */,
				546647BE0F349E8600A8A709 /* SVDatabaseCreateSheetController.m in Sources */,
			);
			runOnlyForDeploymentPostprocessing = 0;
		};
		546603E70F24CF75000C77E7 /* Sources */ = {
			isa = PBXSourcesBuildPhase;
			buildActionMask = 2147483647;
			files = (
			);
			runOnlyForDeploymentPostprocessing = 0;
		};
		54B7DE820F097BF00081F3A3 /* Sources */ = {
			isa = PBXSourcesBuildPhase;
			buildActionMask = 2147483647;
			files = (
			);
			runOnlyForDeploymentPostprocessing = 0;
		};
		54F9F2200F006DE900EE414E /* Sources */ = {
			isa = PBXSourcesBuildPhase;
			buildActionMask = 2147483647;
			files = (
				540089F60F30C2BD002D56A4 /* SVJsonTest.m in Sources */,
				540089F30F30C2A3002D56A4 /* GTMNSObject+UnitTesting.m in Sources */,
				540089F40F30C2A3002D56A4 /* GTMSenTestCase.m in Sources */,
				540089F50F30C2A3002D56A4 /* GTMSystemVersion.m in Sources */,
			);
			runOnlyForDeploymentPostprocessing = 0;
		};
		8D15AC300486D014006FF6A4 /* Sources */ = {
			isa = PBXSourcesBuildPhase;
			buildActionMask = 2147483647;
			files = (
				540089CD0F30C040002D56A4 /* main.m in Sources */,
				540089CE0F30C040002D56A4 /* NSTreeNode+SVDavenport.m in Sources */,
				540089CF0F30C040002D56A4 /* SVAbstractDescriptor.m in Sources */,
				540089D00F30C040002D56A4 /* SVAppDelegate.m in Sources */,
				540089D10F30C040002D56A4 /* SVBreadCrumbCell.m in Sources */,
				540089D20F30C040002D56A4 /* SVControlBarView.m in Sources */,
				540089D40F30C040002D56A4 /* SVCouchDocumentController.m in Sources */,
				540089D60F30C040002D56A4 /* SVDatabaseDescriptor.m in Sources */,
				540089D70F30C040002D56A4 /* SVDocumentKeyCell.m in Sources */,
				540089D80F30C040002D56A4 /* SVFetchServerInfoOperation.m in Sources */,
				540089D90F30C040002D56A4 /* SVFunctionEditorController.m in Sources */,
				540089DC0F30C040002D56A4 /* SVMainWindowController.m in Sources */,
				540089DD0F30C040002D56A4 /* SVPathControl.m in Sources */,
				540089DE0F30C040002D56A4 /* SVQueryResultController.m in Sources */,
				540089DF0F30C040002D56A4 /* SVSectionDescriptor.m in Sources */,
				540089E00F30C040002D56A4 /* SVSourceListCell.m in Sources */,
				540089E10F30C040002D56A4 /* SVSourceListView.m in Sources */,
				546647BF0F349E8600A8A709 /* SVDatabaseCreateSheetController.m in Sources */,
			);
			runOnlyForDeploymentPostprocessing = 0;
		};
/* End PBXSourcesBuildPhase section */

/* Begin PBXTargetDependency section */
		540C88C90F31D51700E02727 /* PBXTargetDependency */ = {
			isa = PBXTargetDependency;
			name = CouchObjC;
			targetProxy = 540C88CA0F31D51700E02727 /* PBXContainerItemProxy */;
		};
		549F374A0F3331480033A0C9 /* PBXTargetDependency */ = {
			isa = PBXTargetDependency;
			name = CouchObjC;
			targetProxy = 549F37490F3331480033A0C9 /* PBXContainerItemProxy */;
		};
		54B7DE7F0F097BF00081F3A3 /* PBXTargetDependency */ = {
			isa = PBXTargetDependency;
			target = 8D15AC270486D014006FF6A4 /* Davenport */;
			targetProxy = 54B7DE800F097BF00081F3A3 /* PBXContainerItemProxy */;
		};
		54F9F2280F006DF000EE414E /* PBXTargetDependency */ = {
			isa = PBXTargetDependency;
			target = 8D15AC270486D014006FF6A4 /* Davenport */;
			targetProxy = 54F9F2270F006DF000EE414E /* PBXContainerItemProxy */;
		};
/* End PBXTargetDependency section */

/* Begin PBXVariantGroup section */
		089C165FFE840EACC02AAC07 /* InfoPlist.strings */ = {
			isa = PBXVariantGroup;
			children = (
				089C1660FE840EACC02AAC07 /* English */,
			);
			name = InfoPlist.strings;
			sourceTree = "<group>";
		};
		2A37F4B9FDCFA73011CA2CEA /* Credits.rtf */ = {
			isa = PBXVariantGroup;
			children = (
				2A37F4BAFDCFA73011CA2CEA /* English */,
			);
			name = Credits.rtf;
			sourceTree = "<group>";
		};
		543D2A860F09650D00AAA9A5 /* MainWindow.xib */ = {
			isa = PBXVariantGroup;
			children = (
				543D2A870F09650D00AAA9A5 /* English */,
			);
			name = MainWindow.xib;
			sourceTree = "<group>";
		};
		546769BB0F2538A9006F6114 /* CouchDocument.xib */ = {
			isa = PBXVariantGroup;
			children = (
				546769BC0F2538A9006F6114 /* English */,
			);
			name = CouchDocument.xib;
			sourceTree = "<group>";
		};
		547B283B0F23821200580370 /* FunctionEditor.xib */ = {
			isa = PBXVariantGroup;
			children = (
				547B283C0F23821200580370 /* English */,
			);
			name = FunctionEditor.xib;
			sourceTree = "<group>";
		};
		548AACAA0F0AD50C009A49AD /* QueryResultView.xib */ = {
			isa = PBXVariantGroup;
			children = (
				548AACAB0F0AD50C009A49AD /* English */,
			);
			name = QueryResultView.xib;
			sourceTree = "<group>";
		};
		54C53FEC0F06527300C337BC /* MainMenu.xib */ = {
			isa = PBXVariantGroup;
			children = (
				54C53FED0F06527300C337BC /* English */,
			);
			name = MainMenu.xib;
			sourceTree = "<group>";
		};
/* End PBXVariantGroup section */

/* Begin XCBuildConfiguration section */
		540C88FA0F31D51700E02727 /* Debug */ = {
			isa = XCBuildConfiguration;
			buildSettings = {
				ALWAYS_SEARCH_USER_PATHS = NO;
				ARCHS = "$(NATIVE_ARCH)";
				COPY_PHASE_STRIP = NO;
				FRAMEWORK_SEARCH_PATHS = (
					"\\\"$(SRCROOT)\\\"",
					"\\\"$(SRCROOT)/../couchobj/build/Release\\\"",
					"\\\"$(SRCROOT)/../couchobj/vendor/JSON/build/Release\\\"",
					"\"$(SRCROOT)\"",
					"\"$(SRCROOT)/../couchobj/build/Release\"",
					"\"$(SRCROOT)/../couchobj/vendor/JSON/build/Release\"",
				);
				GCC_DYNAMIC_NO_PIC = NO;
				GCC_ENABLE_FIX_AND_CONTINUE = YES;
				GCC_MODEL_TUNING = G5;
				GCC_OPTIMIZATION_LEVEL = 0;
				GCC_PRECOMPILE_PREFIX_HEADER = YES;
				GCC_PREFIX_HEADER = Classes/Davenport_Prefix.pch;
				GCC_PREPROCESSOR_DEFINITIONS = "DEBUG=1";
				INFOPLIST_FILE = "/Users/robevans/Projects/cocoa/davenport/Resources/Info copy.plist";
				INSTALL_PATH = "@loader_path";
				LD_RUNPATH_SEARCH_PATHS = "@executable_path/../Frameworks/ @loader_path/../Frameworks /Users/robevans/Projects/cocoa/stig.trunk.2/build/Debug/stigmergic.app/Contents/Frameworks";
				LIBRARY_SEARCH_PATHS = (
					"$(inherited)",
					"\\\"$(SRCROOT)/../CouchDb/lib/erlang/erts-5.6.3/lib/internal\\\"",
					"\\\"$(SRCROOT)/../CouchDb/lib/erlang/erts-5.6.3/lib\\\"",
					"\\\"$(SRCROOT)/../CouchDb/lib/erlang/usr/lib\\\"",
					"\\\"$(SRCROOT)/../CouchDb\\\"",
				);
				OTHER_CFLAGS = "";
				PRECOMPS_INCLUDE_HEADERS_FROM_BUILT_PRODUCTS_DIR = NO;
				PRODUCT_NAME = Davenport;
			};
			name = Debug;
		};
		540C88FB0F31D51700E02727 /* Release */ = {
			isa = XCBuildConfiguration;
			buildSettings = {
				ALWAYS_SEARCH_USER_PATHS = NO;
				DEBUG_INFORMATION_FORMAT = "dwarf-with-dsym";
				FRAMEWORK_SEARCH_PATHS = (
					"\\\"$(SRCROOT)\\\"",
					"\\\"$(SRCROOT)/../couchobj/build/Release\\\"",
					"\\\"$(SRCROOT)/../couchobj/vendor/JSON/build/Release\\\"",
					"\"$(SRCROOT)\"",
					"\"$(SRCROOT)/../couchobj/build/Release\"",
					"\"$(SRCROOT)/../couchobj/vendor/JSON/build/Release\"",
				);
				GCC_MODEL_TUNING = G5;
				GCC_PRECOMPILE_PREFIX_HEADER = YES;
				GCC_PREFIX_HEADER = Classes/Davenport_Prefix.pch;
				INFOPLIST_FILE = "/Users/robevans/Projects/cocoa/davenport/Resources/Info copy.plist";
				INSTALL_PATH = "$(HOME)/Applications";
				LD_RUNPATH_SEARCH_PATHS = "@loader_path/../Frameworks @executable_path/../Frameworks/";
				LIBRARY_SEARCH_PATHS = (
					"$(inherited)",
					"\\\"$(SRCROOT)/../CouchDb/lib/erlang/erts-5.6.3/lib/internal\\\"",
					"\\\"$(SRCROOT)/../CouchDb/lib/erlang/erts-5.6.3/lib\\\"",
					"\\\"$(SRCROOT)/../CouchDb/lib/erlang/usr/lib\\\"",
					"\\\"$(SRCROOT)/../CouchDb\\\"",
				);
				PRECOMPS_INCLUDE_HEADERS_FROM_BUILT_PRODUCTS_DIR = NO;
				PRODUCT_NAME = Davenport;
			};
			name = Release;
		};
		546603ED0F24CF76000C77E7 /* Debug */ = {
			isa = XCBuildConfiguration;
			buildSettings = {
				ALWAYS_SEARCH_USER_PATHS = NO;
				COPY_PHASE_STRIP = NO;
				FRAMEWORK_SEARCH_PATHS = (
					"$(DEVELOPER_LIBRARY_DIR)/Frameworks",
					"\"$(SRCROOT)/../couchobj/vendor/JSON/build/Release\"",
					"\"$(SRCROOT)/../couchobj/build/Release\"",
				);
				GCC_DYNAMIC_NO_PIC = NO;
				GCC_ENABLE_FIX_AND_CONTINUE = NO;
				GCC_ENABLE_OBJC_EXCEPTIONS = YES;
				GCC_ENABLE_OBJC_GC = unsupported;
				GCC_MODEL_TUNING = G5;
				GCC_OPTIMIZATION_LEVEL = 0;
				GCC_PRECOMPILE_PREFIX_HEADER = YES;
				GCC_PREFIX_HEADER = "$(SYSTEM_LIBRARY_DIR)/Frameworks/Cocoa.framework/Headers/Cocoa.h";
				INFOPLIST_FILE = "vendorTests-Info.plist";
				INSTALL_PATH = "$(USER_LIBRARY_DIR)/Bundles";
				LD_RUNPATH_SEARCH_PATHS = "@executable_path/../Frameworks/ @loader_path/../Frameworks";
				OTHER_LDFLAGS = (
					"-framework",
					Cocoa,
					"-framework",
					SenTestingKit,
				);
				PREBINDING = NO;
				PRODUCT_NAME = vendorTests;
				WRAPPER_EXTENSION = octest;
			};
			name = Debug;
		};
		546603EE0F24CF76000C77E7 /* Release */ = {
			isa = XCBuildConfiguration;
			buildSettings = {
				ALWAYS_SEARCH_USER_PATHS = NO;
				COPY_PHASE_STRIP = YES;
				DEBUG_INFORMATION_FORMAT = "dwarf-with-dsym";
				FRAMEWORK_SEARCH_PATHS = (
					"$(DEVELOPER_LIBRARY_DIR)/Frameworks",
					"\"$(SRCROOT)/../couchobj/vendor/JSON/build/Release\"",
					"\"$(SRCROOT)/../couchobj/build/Release\"",
				);
				GCC_ENABLE_FIX_AND_CONTINUE = NO;
				GCC_ENABLE_OBJC_EXCEPTIONS = YES;
				GCC_MODEL_TUNING = G5;
				GCC_PRECOMPILE_PREFIX_HEADER = YES;
				GCC_PREFIX_HEADER = "$(SYSTEM_LIBRARY_DIR)/Frameworks/Cocoa.framework/Headers/Cocoa.h";
				INFOPLIST_FILE = "vendorTests-Info.plist";
				INSTALL_PATH = "$(USER_LIBRARY_DIR)/Bundles";
				OTHER_LDFLAGS = (
					"-framework",
					Cocoa,
					"-framework",
					SenTestingKit,
				);
				PREBINDING = NO;
				PRODUCT_NAME = vendorTests;
				WRAPPER_EXTENSION = octest;
				ZERO_LINK = NO;
			};
			name = Release;
		};
		54B7DE8B0F097BF00081F3A3 /* Debug */ = {
			isa = XCBuildConfiguration;
			buildSettings = {
				ALWAYS_SEARCH_USER_PATHS = NO;
				ARCHS = "$(NATIVE_ARCH)";
				BUNDLE_LOADER = "$(BUILT_PRODUCTS_DIR)/stigmergic.app/Contents/MacOS/stigmergic";
				COPY_PHASE_STRIP = NO;
				FRAMEWORK_SEARCH_PATHS = (
					"$(DEVELOPER_LIBRARY_DIR)/Frameworks",
					"\\\"$(SRCROOT)\\\"",
					"\"$(SRCROOT)/../couchobj/build/Release\"",
				);
				GCC_DYNAMIC_NO_PIC = NO;
				GCC_ENABLE_FIX_AND_CONTINUE = NO;
				GCC_ENABLE_OBJC_EXCEPTIONS = YES;
				GCC_ENABLE_OBJC_GC = unsupported;
				GCC_MODEL_TUNING = G5;
				GCC_OPTIMIZATION_LEVEL = 0;
				GCC_PRECOMPILE_PREFIX_HEADER = YES;
				GCC_PREFIX_HEADER = "$(SYSTEM_LIBRARY_DIR)/Frameworks/Cocoa.framework/Headers/Cocoa.h";
				HEADER_SEARCH_PATHS = (
					"/Users/robevans/Projects/iPhone/google-toolbox-for-mac-1-5-1/UnitTesting",
					"/Users/robevans/Projects/iPhone/google-toolbox-for-mac-1-5-1/Foundation",
					"/Users/robevans/Projects/iPhone/google-toolbox-for-mac-1-5-1/DebugUtils",
				);
				INFOPLIST_FILE = "IntegrationTests-Info.plist";
				INSTALL_PATH = "$(USER_LIBRARY_DIR)/Bundles";
				OTHER_LDFLAGS = (
					"-framework",
					Cocoa,
					"-framework",
					SenTestingKit,
				);
				PREBINDING = NO;
				PRODUCT_NAME = IntegrationTests;
				TEST_HOST = "$(BUNDLE_LOADER)";
				VALID_ARCHS = "i386 x86_64";
				WRAPPER_EXTENSION = octest;
			};
			name = Debug;
		};
		54B7DE8C0F097BF00081F3A3 /* Release */ = {
			isa = XCBuildConfiguration;
			buildSettings = {
				ALWAYS_SEARCH_USER_PATHS = NO;
				COPY_PHASE_STRIP = YES;
				DEBUG_INFORMATION_FORMAT = "dwarf-with-dsym";
				FRAMEWORK_SEARCH_PATHS = (
					"$(DEVELOPER_LIBRARY_DIR)/Frameworks",
					"\\\"$(SRCROOT)\\\"",
					"\"$(SRCROOT)/../couchobj/build/Release\"",
				);
				GCC_ENABLE_FIX_AND_CONTINUE = NO;
				GCC_ENABLE_OBJC_EXCEPTIONS = YES;
				GCC_MODEL_TUNING = G5;
				GCC_PRECOMPILE_PREFIX_HEADER = YES;
				GCC_PREFIX_HEADER = "$(SYSTEM_LIBRARY_DIR)/Frameworks/Cocoa.framework/Headers/Cocoa.h";
				INFOPLIST_FILE = "IntegrationTests-Info.plist";
				INSTALL_PATH = "$(USER_LIBRARY_DIR)/Bundles";
				OTHER_LDFLAGS = (
					"-framework",
					Cocoa,
					"-framework",
					SenTestingKit,
				);
				PREBINDING = NO;
				PRODUCT_NAME = "Unit Tests";
				WRAPPER_EXTENSION = octest;
				ZERO_LINK = NO;
			};
			name = Release;
		};
		54F9F2250F006DEA00EE414E /* Debug */ = {
			isa = XCBuildConfiguration;
			buildSettings = {
				ALWAYS_SEARCH_USER_PATHS = NO;
				ARCHS = "$(NATIVE_ARCH)";
				BUNDLE_LOADER = "$(BUILT_PRODUCTS_DIR)/stigmergic.app/Contents/MacOS/stigmergic";
				COPY_PHASE_STRIP = NO;
				FRAMEWORK_SEARCH_PATHS = (
					"$(DEVELOPER_LIBRARY_DIR)/Frameworks",
					"\"$(SRCROOT)\"",
					"\"$(SRCROOT)/../couchobj/build/Release\"",
					"\"$(SRCROOT)/../couchobj/vendor/JSON/build/Release\"",
				);
				GCC_DYNAMIC_NO_PIC = NO;
				GCC_ENABLE_FIX_AND_CONTINUE = NO;
				GCC_ENABLE_OBJC_EXCEPTIONS = YES;
				GCC_ENABLE_OBJC_GC = unsupported;
				GCC_MODEL_TUNING = G5;
				GCC_OPTIMIZATION_LEVEL = 0;
				GCC_PRECOMPILE_PREFIX_HEADER = YES;
				GCC_PREFIX_HEADER = "$(SYSTEM_LIBRARY_DIR)/Frameworks/Cocoa.framework/Headers/Cocoa.h";
				HEADER_SEARCH_PATHS = (
					"/Users/robevans/Projects/iPhone/google-toolbox-for-mac-1-5-1/UnitTesting",
					"/Users/robevans/Projects/iPhone/google-toolbox-for-mac-1-5-1/Foundation",
					"/Users/robevans/Projects/iPhone/google-toolbox-for-mac-1-5-1/DebugUtils",
				);
				INFOPLIST_FILE = "Resources/Unit Tests-Info.plist";
				INSTALL_PATH = "$(USER_LIBRARY_DIR)/Bundles";
				OTHER_LDFLAGS = (
					"-framework",
					Cocoa,
					"-framework",
					SenTestingKit,
				);
				PREBINDING = NO;
				PRODUCT_NAME = "Unit Tests";
				TEST_HOST = "$(BUNDLE_LOADER)";
				VALID_ARCHS = "i386 x86_64";
				WRAPPER_EXTENSION = octest;
			};
			name = Debug;
		};
		54F9F2260F006DEA00EE414E /* Release */ = {
			isa = XCBuildConfiguration;
			buildSettings = {
				ALWAYS_SEARCH_USER_PATHS = NO;
				COPY_PHASE_STRIP = YES;
				DEBUG_INFORMATION_FORMAT = "dwarf-with-dsym";
				FRAMEWORK_SEARCH_PATHS = (
					"$(DEVELOPER_LIBRARY_DIR)/Frameworks",
					"\"$(SRCROOT)\"",
					"\"$(SRCROOT)/../couchobj/build/Release\"",
					"\"$(SRCROOT)/../couchobj/vendor/JSON/build/Release\"",
				);
				GCC_ENABLE_FIX_AND_CONTINUE = NO;
				GCC_ENABLE_OBJC_EXCEPTIONS = YES;
				GCC_MODEL_TUNING = G5;
				GCC_PRECOMPILE_PREFIX_HEADER = YES;
				GCC_PREFIX_HEADER = "$(SYSTEM_LIBRARY_DIR)/Frameworks/Cocoa.framework/Headers/Cocoa.h";
				INFOPLIST_FILE = "Resources/Unit Tests-Info.plist";
				INSTALL_PATH = "$(USER_LIBRARY_DIR)/Bundles";
				OTHER_LDFLAGS = (
					"-framework",
					Cocoa,
					"-framework",
					SenTestingKit,
				);
				PREBINDING = NO;
				PRODUCT_NAME = "Unit Tests";
				WRAPPER_EXTENSION = octest;
				ZERO_LINK = NO;
			};
			name = Release;
		};
		C05733C808A9546B00998B17 /* Debug */ = {
			isa = XCBuildConfiguration;
			buildSettings = {
				ALWAYS_SEARCH_USER_PATHS = NO;
				ARCHS = "$(NATIVE_ARCH)";
				COPY_PHASE_STRIP = NO;
				FRAMEWORK_SEARCH_PATHS = (
					"\"$(SRCROOT)\"",
					"\"$(SRCROOT)/../couchobj/build/Release\"",
					"\"$(SRCROOT)/../couchobj/vendor/JSON/build/Release\"",
					"\"$(SRCROOT)/../couchobj/build/Debug\"",
				);
				GCC_DYNAMIC_NO_PIC = NO;
				GCC_ENABLE_FIX_AND_CONTINUE = YES;
				GCC_MODEL_TUNING = G5;
				GCC_OPTIMIZATION_LEVEL = 0;
				GCC_PRECOMPILE_PREFIX_HEADER = YES;
				GCC_PREFIX_HEADER = Classes/Davenport_Prefix.pch;
				GCC_PREPROCESSOR_DEFINITIONS = "DEBUG=1";
				INFOPLIST_FILE = Resources/Info.plist;
				INSTALL_PATH = "@loader_path";
				LD_RUNPATH_SEARCH_PATHS = "@executable_path/../Frameworks/ @loader_path/../Frameworks /Users/robevans/Projects/cocoa/stig.trunk.2/build/Debug/stigmergic.app/Contents/Frameworks";
				LIBRARY_SEARCH_PATHS = (
					"$(inherited)",
					"\"$(SRCROOT)/../CouchDb/lib/erlang/erts-5.6.3/lib/internal\"",
					"\"$(SRCROOT)/../CouchDb/lib/erlang/erts-5.6.3/lib\"",
					"\"$(SRCROOT)/../CouchDb/lib/erlang/usr/lib\"",
					"\"$(SRCROOT)/../CouchDb\"",
				);
				OTHER_CFLAGS = "";
				PRECOMPS_INCLUDE_HEADERS_FROM_BUILT_PRODUCTS_DIR = NO;
				PRODUCT_NAME = Davenport;
			};
			name = Debug;
		};
		C05733C908A9546B00998B17 /* Release */ = {
			isa = XCBuildConfiguration;
			buildSettings = {
				ALWAYS_SEARCH_USER_PATHS = NO;
				DEBUG_INFORMATION_FORMAT = "dwarf-with-dsym";
				FRAMEWORK_SEARCH_PATHS = (
					"\"$(SRCROOT)\"",
					"\"$(SRCROOT)/../couchobj/build/Release\"",
					"\"$(SRCROOT)/../couchobj/vendor/JSON/build/Release\"",
					"\"$(SRCROOT)/../couchobj/build/Debug\"",
				);
				GCC_MODEL_TUNING = G5;
				GCC_PRECOMPILE_PREFIX_HEADER = YES;
				GCC_PREFIX_HEADER = Classes/Davenport_Prefix.pch;
				INFOPLIST_FILE = Resources/Info.plist;
				INSTALL_PATH = "$(HOME)/Applications";
				LD_RUNPATH_SEARCH_PATHS = "@loader_path/../Frameworks @executable_path/../Frameworks/";
				LIBRARY_SEARCH_PATHS = (
					"$(inherited)",
					"\"$(SRCROOT)/../CouchDb/lib/erlang/erts-5.6.3/lib/internal\"",
					"\"$(SRCROOT)/../CouchDb/lib/erlang/erts-5.6.3/lib\"",
					"\"$(SRCROOT)/../CouchDb/lib/erlang/usr/lib\"",
					"\"$(SRCROOT)/../CouchDb\"",
				);
				ONLY_ACTIVE_ARCH = YES;
				PRECOMPS_INCLUDE_HEADERS_FROM_BUILT_PRODUCTS_DIR = NO;
				PRODUCT_NAME = Davenport;
			};
			name = Release;
		};
		C05733CC08A9546B00998B17 /* Debug */ = {
			isa = XCBuildConfiguration;
			buildSettings = {
				ARCHS = "$(ARCHS_STANDARD_32_BIT)";
				DEPLOYMENT_LOCATION = NO;
				GCC_C_LANGUAGE_STANDARD = c99;
				GCC_OPTIMIZATION_LEVEL = 0;
				GCC_WARN_ABOUT_RETURN_TYPE = YES;
				GCC_WARN_UNUSED_VARIABLE = YES;
				ONLY_ACTIVE_ARCH = YES;
				PREBINDING = NO;
				SDKROOT = macosx10.5;
				VALID_ARCHS = "i386 x86_64";
			};
			name = Debug;
		};
		C05733CD08A9546B00998B17 /* Release */ = {
			isa = XCBuildConfiguration;
			buildSettings = {
				ARCHS = "$(ARCHS_STANDARD_32_BIT)";
				GCC_C_LANGUAGE_STANDARD = c99;
				GCC_WARN_ABOUT_RETURN_TYPE = YES;
				GCC_WARN_UNUSED_VARIABLE = YES;
				PREBINDING = NO;
				SDKROOT = macosx10.5;
			};
			name = Release;
		};
/* End XCBuildConfiguration section */

/* Begin XCConfigurationList section */
		540C88F90F31D51700E02727 /* Build configuration list for PBXNativeTarget "Davenport with Embedded CouchDB" */ = {
			isa = XCConfigurationList;
			buildConfigurations = (
				540C88FA0F31D51700E02727 /* Debug */,
				540C88FB0F31D51700E02727 /* Release */,
			);
			defaultConfigurationIsVisible = 0;
			defaultConfigurationName = Release;
		};
		546603F20F24CF76000C77E7 /* Build configuration list for PBXNativeTarget "vendorTests" */ = {
			isa = XCConfigurationList;
			buildConfigurations = (
				546603ED0F24CF76000C77E7 /* Debug */,
				546603EE0F24CF76000C77E7 /* Release */,
			);
			defaultConfigurationIsVisible = 0;
			defaultConfigurationName = Release;
		};
		54B7DE8A0F097BF00081F3A3 /* Build configuration list for PBXNativeTarget "Integration Tests" */ = {
			isa = XCConfigurationList;
			buildConfigurations = (
				54B7DE8B0F097BF00081F3A3 /* Debug */,
				54B7DE8C0F097BF00081F3A3 /* Release */,
			);
			defaultConfigurationIsVisible = 0;
			defaultConfigurationName = Release;
		};
		54F9F2290F006E0E00EE414E /* Build configuration list for PBXNativeTarget "Unit Tests" */ = {
			isa = XCConfigurationList;
			buildConfigurations = (
				54F9F2250F006DEA00EE414E /* Debug */,
				54F9F2260F006DEA00EE414E /* Release */,
			);
			defaultConfigurationIsVisible = 0;
			defaultConfigurationName = Release;
		};
		C05733C708A9546B00998B17 /* Build configuration list for PBXNativeTarget "Davenport" */ = {
			isa = XCConfigurationList;
			buildConfigurations = (
				C05733C808A9546B00998B17 /* Debug */,
				C05733C908A9546B00998B17 /* Release */,
			);
			defaultConfigurationIsVisible = 0;
			defaultConfigurationName = Release;
		};
		C05733CB08A9546B00998B17 /* Build configuration list for PBXProject "Davenport" */ = {
			isa = XCConfigurationList;
			buildConfigurations = (
				C05733CC08A9546B00998B17 /* Debug */,
				C05733CD08A9546B00998B17 /* Release */,
			);
			defaultConfigurationIsVisible = 0;
			defaultConfigurationName = Release;
		};
/* End XCConfigurationList section */
	};
	rootObject = 2A37F4A9FDCFA73011CA2CEA /* Project object */;
}
